{
  "version": 4,
  "terraform_version": "1.5.7",
  "serial": 6,
  "lineage": "0bfee145-86cd-cec1-453a-2b7db7eac829",
  "outputs": {},
  "resources": [
    {
      "mode": "managed",
      "type": "local_file",
      "name": "my_pet",
      "provider": "provider[\"registry.terraform.io/hashicorp/local\"]",
      "instances": [
        {
          "index_key": 0,
          "schema_version": 0,
          "attributes": {
            "content": "This is the file for myprefix-amazing-mallard",
            "content_base64": null,
            "content_base64sha256": "X5hwvVN058gv23g/6MJhJrAurzw9usn4LG72bSwhoM0=",
            "content_base64sha512": "gHNUX6Caz/fnk4EpNQniMkH29loKPEZi7xOZgUdXxOPQxSIJwqvTjn1AEe+moFtpGzGMeSCeZBmRdmdG4Jt2rw==",
            "content_md5": "1178fc0fac1b58e73669c3402975514d",
            "content_sha1": "3bfd7953e4c123c6380a2fefde51e0ba6a029a42",
            "content_sha256": "5f9870bd5374e7c82fdb783fe8c26126b02eaf3c3dbac9f82c6ef66d2c21a0cd",
            "content_sha512": "8073545fa09acff7e79381293509e23241f6f65a0a3c4662ef1399814757c4e3d0c52209c2abd38e7d4011efa6a05b691b318c79209e641991766746e09b76af",
            "directory_permission": "0777",
            "file_permission": "0777",
            "filename": "myprefix-amazing-mallard.txt",
            "id": "3bfd7953e4c123c6380a2fefde51e0ba6a029a42",
            "sensitive_content": null,
            "source": null
          },
          "sensitive_attributes": [],
          "dependencies": [
            "random_pet.my_pet"
          ]
        },
        {
          "index_key": 1,
          "schema_version": 0,
          "attributes": {
            "content": "This is the file for myprefix-amazing-mallard",
            "content_base64": null,
            "content_base64sha256": "X5hwvVN058gv23g/6MJhJrAurzw9usn4LG72bSwhoM0=",
            "content_base64sha512": "gHNUX6Caz/fnk4EpNQniMkH29loKPEZi7xOZgUdXxOPQxSIJwqvTjn1AEe+moFtpGzGMeSCeZBmRdmdG4Jt2rw==",
            "content_md5": "1178fc0fac1b58e73669c3402975514d",
            "content_sha1": "3bfd7953e4c123c6380a2fefde51e0ba6a029a42",
            "content_sha256": "5f9870bd5374e7c82fdb783fe8c26126b02eaf3c3dbac9f82c6ef66d2c21a0cd",
            "content_sha512": "8073545fa09acff7e79381293509e23241f6f65a0a3c4662ef1399814757c4e3d0c52209c2abd38e7d4011efa6a05b691b318c79209e641991766746e09b76af",
            "directory_permission": "0777",
            "file_permission": "0777",
            "filename": "myprefix-amazing-mallard.txt",
            "id": "3bfd7953e4c123c6380a2fefde51e0ba6a029a42",
            "sensitive_content": null,
            "source": null
          },
          "sensitive_attributes": [],
          "dependencies": [
            "random_pet.my_pet"
          ]
        },
        {
          "index_key": 2,
          "schema_version": 0,
          "attributes": {
            "content": "This is the file for myprefix-amazing-mallard",
            "content_base64": null,
            "content_base64sha256": "X5hwvVN058gv23g/6MJhJrAurzw9usn4LG72bSwhoM0=",
            "content_base64sha512": "gHNUX6Caz/fnk4EpNQniMkH29loKPEZi7xOZgUdXxOPQxSIJwqvTjn1AEe+moFtpGzGMeSCeZBmRdmdG4Jt2rw==",
            "content_md5": "1178fc0fac1b58e73669c3402975514d",
            "content_sha1": "3bfd7953e4c123c6380a2fefde51e0ba6a029a42",
            "content_sha256": "5f9870bd5374e7c82fdb783fe8c26126b02eaf3c3dbac9f82c6ef66d2c21a0cd",
            "content_sha512": "8073545fa09acff7e79381293509e23241f6f65a0a3c4662ef1399814757c4e3d0c52209c2abd38e7d4011efa6a05b691b318c79209e641991766746e09b76af",
            "directory_permission": "0777",
            "file_permission": "0777",
            "filename": "myprefix-amazing-mallard.txt",
            "id": "3bfd7953e4c123c6380a2fefde51e0ba6a029a42",
            "sensitive_content": null,
            "source": null
          },
          "sensitive_attributes": [],
          "dependencies": [
            "random_pet.my_pet"
          ]
        }
      ]
    },
    {
      "mode": "managed",
      "type": "random_pet",
      "name": "my_pet",
      "provider": "provider[\"registry.terraform.io/hashicorp/random\"]",
      "instances": [
        {
          "schema_version": 0,
          "attributes": {
            "id": "myprefix-amazing-mallard",
            "keepers": null,
            "length": 2,
            "prefix": "myprefix",
            "separator": "-"
          },
          "sensitive_attributes": []
        }
      ]
    }
  ],
  "check_results": null
}
