{
  "version": 4,
  "terraform_version": "1.5.7",
  "serial": 38,
  "lineage": "fc76001f-299f-08cd-3430-c50dde44e012",
  "outputs": {},
  "resources": [
    {
      "mode": "managed",
      "type": "github_branch",
      "name": "development",
      "provider": "provider[\"registry.terraform.io/integrations/github\"]",
      "instances": [
        {
          "schema_version": 0,
          "attributes": {
            "branch": "development",
            "etag": "W/\"a963317e613d4e454402349f4f2bfe9c1297b0e7178846c4794eb02fe0db21ea\"",
            "id": "my-tf-repo:development",
            "ref": "refs/heads/development",
            "repository": "my-tf-repo",
            "sha": "bb9db5ceb3f7aeaf4e3002d73cd9816135b1fea9",
            "source_branch": "main",
            "source_sha": "bb9db5ceb3f7aeaf4e3002d73cd9816135b1fea9"
          },
          "sensitive_attributes": [],
          "private": "bnVsbA==",
          "dependencies": [
            "github_repository.example_repo"
          ]
        }
      ]
    },
    {
      "mode": "managed",
      "type": "github_branch",
      "name": "main",
      "provider": "provider[\"registry.terraform.io/integrations/github\"]",
      "instances": [
        {
          "schema_version": 0,
          "attributes": {
            "branch": "main",
            "etag": "W/\"59edbb1e3b25a19f2acb5caa63757126db77215cb2aaa2100a7423a1d16d2c4e\"",
            "id": "my-tf-repo:main",
            "ref": "refs/heads/main",
            "repository": "my-tf-repo",
            "sha": "bb9db5ceb3f7aeaf4e3002d73cd9816135b1fea9",
            "source_branch": "main",
            "source_sha": "bb9db5ceb3f7aeaf4e3002d73cd9816135b1fea9"
          },
          "sensitive_attributes": [],
          "private": "bnVsbA==",
          "dependencies": [
            "github_repository.example_repo"
          ]
        }
      ]
    },
    {
      "mode": "managed",
      "type": "github_branch_default",
      "name": "default",
      "provider": "provider[\"registry.terraform.io/integrations/github\"]",
      "instances": [
        {
          "schema_version": 0,
          "attributes": {
            "branch": "development",
            "etag": "W/\"6f0ea63f5a467356fb8a660847b398d6cd3f285a67b647b49345e39f7c128d70\"",
            "id": "my-tf-repo",
            "rename": false,
            "repository": "my-tf-repo"
          },
          "sensitive_attributes": [],
          "private": "bnVsbA==",
          "dependencies": [
            "github_branch.development",
            "github_repository.example_repo"
          ]
        }
      ]
    },
    {
      "mode": "managed",
      "type": "github_branch_protection",
      "name": "main_protection",
      "provider": "provider[\"registry.terraform.io/integrations/github\"]",
      "instances": [
        {
          "schema_version": 2,
          "attributes": {
            "allows_deletions": false,
            "allows_force_pushes": false,
            "enforce_admins": true,
            "force_push_bypassers": [],
            "id": "BPR_kwDONpxfic4DfYXB",
            "lock_branch": false,
            "pattern": "main",
            "repository_id": "R_kgDONpxfiQ",
            "require_conversation_resolution": false,
            "require_signed_commits": false,
            "required_linear_history": false,
            "required_pull_request_reviews": [
              {
                "dismiss_stale_reviews": true,
                "dismissal_restrictions": [],
                "pull_request_bypassers": [],
                "require_code_owner_reviews": false,
                "require_last_push_approval": false,
                "required_approving_review_count": 1,
                "restrict_dismissals": false
              }
            ],
            "required_status_checks": [
              {
                "contexts": [
                  "ci/travis"
                ],
                "strict": false
              }
            ],
            "restrict_pushes": []
          },
          "sensitive_attributes": [],
          "private": "eyJzY2hlbWFfdmVyc2lvbiI6IjIifQ==",
          "dependencies": [
            "github_repository.example_repo"
          ]
        }
      ]
    },
    {
      "mode": "managed",
      "type": "github_repository",
      "name": "example_repo",
      "provider": "provider[\"registry.terraform.io/integrations/github\"]",
      "instances": [
        {
          "schema_version": 1,
          "attributes": {
            "allow_auto_merge": false,
            "allow_merge_commit": true,
            "allow_rebase_merge": true,
            "allow_squash_merge": true,
            "allow_update_branch": false,
            "archive_on_destroy": null,
            "archived": false,
            "auto_init": true,
            "default_branch": "development",
            "delete_branch_on_merge": true,
            "description": "This is an example repository created with TF",
            "etag": "W/\"6f0ea63f5a467356fb8a660847b398d6cd3f285a67b647b49345e39f7c128d70\"",
            "full_name": "Carlos-Oliver-O/my-tf-repo",
            "git_clone_url": "git://github.com/Carlos-Oliver-O/my-tf-repo.git",
            "gitignore_template": null,
            "has_discussions": false,
            "has_downloads": false,
            "has_issues": true,
            "has_projects": false,
            "has_wiki": true,
            "homepage_url": "",
            "html_url": "https://github.com/Carlos-Oliver-O/my-tf-repo",
            "http_clone_url": "https://github.com/Carlos-Oliver-O/my-tf-repo.git",
            "id": "my-tf-repo",
            "ignore_vulnerability_alerts_during_read": null,
            "is_template": false,
            "license_template": null,
            "merge_commit_message": "PR_TITLE",
            "merge_commit_title": "MERGE_MESSAGE",
            "name": "my-tf-repo",
            "node_id": "R_kgDONpxfiQ",
            "pages": [],
            "primary_language": "",
            "private": false,
            "repo_id": 916217737,
            "security_and_analysis": [
              {
                "advanced_security": [],
                "secret_scanning": [
                  {
                    "status": "disabled"
                  }
                ],
                "secret_scanning_push_protection": [
                  {
                    "status": "disabled"
                  }
                ]
              }
            ],
            "squash_merge_commit_message": "COMMIT_MESSAGES",
            "squash_merge_commit_title": "COMMIT_OR_PR_TITLE",
            "ssh_clone_url": "git@github.com:Carlos-Oliver-O/my-tf-repo.git",
            "svn_url": "https://github.com/Carlos-Oliver-O/my-tf-repo",
            "template": [],
            "topics": [],
            "visibility": "public",
            "vulnerability_alerts": false,
            "web_commit_signoff_required": false
          },
          "sensitive_attributes": [],
          "private": "eyJzY2hlbWFfdmVyc2lvbiI6IjEifQ=="
        }
      ]
    },
    {
      "mode": "managed",
      "type": "github_repository_collaborator",
      "name": "a_repo_collaborator",
      "provider": "provider[\"registry.terraform.io/integrations/github\"]",
      "instances": [
        {
          "schema_version": 0,
          "attributes": {
            "id": "my-tf-repo:a10pepo",
            "invitation_id": "270746539",
            "permission": "admin",
            "permission_diff_suppression": false,
            "repository": "my-tf-repo",
            "username": "a10pepo"
          },
          "sensitive_attributes": [],
          "private": "bnVsbA=="
        }
      ]
    }
  ],
  "check_results": null
}
