{
  "version": 4,
  "terraform_version": "1.10.4",
  "serial": 389,
  "lineage": "e3742542-35c6-c096-9430-55c020e3c697",
  "outputs": {},
  "resources": [
    {
      "mode": "managed",
      "type": "google_project_iam_member",
      "name": "scheduler_run_invoker",
      "provider": "provider[\"registry.terraform.io/hashicorp/google\"]",
      "instances": [
        {
          "schema_version": 0,
          "attributes": {
            "condition": [],
            "etag": "BwYwA4mt4xI=",
            "id": "dataproject2425/roles/run.invoker/serviceAccount:scheduler-service-account@dataproject2425.iam.gserviceaccount.com",
            "member": "serviceAccount:scheduler-service-account@dataproject2425.iam.gserviceaccount.com",
            "project": "dataproject2425",
            "role": "roles/run.invoker"
          },
          "sensitive_attributes": [],
          "private": "bnVsbA==",
          "dependencies": [
            "google_service_account.scheduler"
          ]
        }
      ]
    },
    {
      "mode": "managed",
      "type": "google_service_account",
      "name": "scheduler",
      "provider": "provider[\"registry.terraform.io/hashicorp/google\"]",
      "instances": [
        {
          "schema_version": 0,
          "attributes": {
            "account_id": "scheduler-service-account",
            "create_ignore_already_exists": null,
            "description": "",
            "disabled": false,
            "display_name": "Service Account for Cloud Scheduler to invoke Cloud Run Jobs",
            "email": "scheduler-service-account@dataproject2425.iam.gserviceaccount.com",
            "id": "projects/dataproject2425/serviceAccounts/scheduler-service-account@dataproject2425.iam.gserviceaccount.com",
            "member": "serviceAccount:scheduler-service-account@dataproject2425.iam.gserviceaccount.com",
            "name": "projects/dataproject2425/serviceAccounts/scheduler-service-account@dataproject2425.iam.gserviceaccount.com",
            "project": "dataproject2425",
            "timeouts": null,
            "unique_id": "113224714542635876428"
          },
          "sensitive_attributes": [],
          "private": "eyJlMmJmYjczMC1lY2FhLTExZTYtOGY4OC0zNDM2M2JjN2M0YzAiOnsiY3JlYXRlIjozMDAwMDAwMDAwMDB9fQ=="
        }
      ]
    },
    {
      "module": "module.artifact_registry",
      "mode": "managed",
      "type": "google_artifact_registry_repository",
      "name": "repo",
      "provider": "provider[\"registry.terraform.io/hashicorp/google\"]",
      "instances": [
        {
          "schema_version": 0,
          "attributes": {
            "cleanup_policies": [],
            "cleanup_policy_dry_run": false,
            "create_time": "2025-03-10T21:11:49.654315Z",
            "description": "Repositorio para imágenes Docker",
            "docker_config": [],
            "effective_labels": {
              "goog-terraform-provisioned": "true"
            },
            "format": "DOCKER",
            "id": "projects/dataproject2425/locations/europe-west1/repositories/gcp-especificos",
            "kms_key_name": "",
            "labels": {},
            "location": "europe-west1",
            "maven_config": [],
            "mode": "STANDARD_REPOSITORY",
            "name": "gcp-especificos",
            "project": "dataproject2425",
            "remote_repository_config": [],
            "repository_id": "gcp-especificos",
            "terraform_labels": {
              "goog-terraform-provisioned": "true"
            },
            "timeouts": null,
            "update_time": "2025-03-10T21:20:32.222128Z",
            "virtual_repository_config": [],
            "vulnerability_scanning_config": [
              {
                "enablement_config": "",
                "enablement_state": "SCANNING_DISABLED",
                "enablement_state_reason": "API containerscanning.googleapis.com is not enabled."
              }
            ]
          },
          "sensitive_attributes": [],
          "private": "eyJlMmJmYjczMC1lY2FhLTExZTYtOGY4OC0zNDM2M2JjN2M0YzAiOnsiY3JlYXRlIjoxMjAwMDAwMDAwMDAwLCJkZWxldGUiOjEyMDAwMDAwMDAwMDAsInVwZGF0ZSI6MTIwMDAwMDAwMDAwMH19"
        }
      ]
    },
    {
      "module": "module.bigquery",
      "mode": "managed",
      "type": "google_bigquery_dataset",
      "name": "dataset",
      "provider": "provider[\"registry.terraform.io/hashicorp/google\"]",
      "instances": [
        {
          "schema_version": 0,
          "attributes": {
            "access": [
              {
                "condition": [],
                "dataset": [],
                "domain": "",
                "group_by_email": "",
                "iam_member": "",
                "role": "OWNER",
                "routine": [],
                "special_group": "",
                "user_by_email": "alejbc27@gmail.com",
                "view": []
              },
              {
                "condition": [],
                "dataset": [],
                "domain": "",
                "group_by_email": "",
                "iam_member": "",
                "role": "OWNER",
                "routine": [],
                "special_group": "projectOwners",
                "user_by_email": "",
                "view": []
              },
              {
                "condition": [],
                "dataset": [],
                "domain": "",
                "group_by_email": "",
                "iam_member": "",
                "role": "READER",
                "routine": [],
                "special_group": "projectReaders",
                "user_by_email": "",
                "view": []
              },
              {
                "condition": [],
                "dataset": [],
                "domain": "",
                "group_by_email": "",
                "iam_member": "",
                "role": "WRITER",
                "routine": [],
                "special_group": "projectWriters",
                "user_by_email": "",
                "view": []
              }
            ],
            "creation_time": -2115613756,
            "dataset_id": "vehicle_data",
            "default_collation": "",
            "default_encryption_configuration": [],
            "default_partition_expiration_ms": 0,
            "default_table_expiration_ms": 0,
            "delete_contents_on_destroy": false,
            "description": "",
            "effective_labels": {
              "goog-terraform-provisioned": "true"
            },
            "etag": "ich2NrNV08+gWdy+YiPsjg==",
            "external_dataset_reference": [],
            "friendly_name": "",
            "id": "projects/dataproject2425/datasets/vehicle_data",
            "is_case_insensitive": false,
            "labels": {},
            "last_modified_time": -2115613756,
            "location": "europe-west1",
            "max_time_travel_hours": "168",
            "project": "dataproject2425",
            "resource_tags": {},
            "self_link": "https://bigquery.googleapis.com/bigquery/v2/projects/dataproject2425/datasets/vehicle_data",
            "storage_billing_model": "",
            "terraform_labels": {
              "goog-terraform-provisioned": "true"
            },
            "timeouts": null
          },
          "sensitive_attributes": [],
          "private": "eyJlMmJmYjczMC1lY2FhLTExZTYtOGY4OC0zNDM2M2JjN2M0YzAiOnsiY3JlYXRlIjoxMjAwMDAwMDAwMDAwLCJkZWxldGUiOjEyMDAwMDAwMDAwMDAsInVwZGF0ZSI6MTIwMDAwMDAwMDAwMH19"
        }
      ]
    },
    {
      "module": "module.bigquery",
      "mode": "managed",
      "type": "google_bigquery_table",
      "name": "table",
      "provider": "provider[\"registry.terraform.io/hashicorp/google\"]",
      "instances": [
        {
          "schema_version": 0,
          "attributes": {
            "biglake_configuration": [],
            "clustering": null,
            "creation_time": -2115611668,
            "dataset_id": "vehicle_data",
            "deletion_protection": false,
            "description": "",
            "effective_labels": {
              "goog-terraform-provisioned": "true"
            },
            "encryption_configuration": [],
            "etag": "83zAb1LDm403hStfnnhJiA==",
            "expiration_time": 0,
            "external_data_configuration": [],
            "friendly_name": "",
            "id": "projects/dataproject2425/datasets/vehicle_data/tables/analytical-database",
            "labels": {},
            "last_modified_time": -2115611547,
            "location": "europe-west1",
            "materialized_view": [],
            "max_staleness": "",
            "num_bytes": 0,
            "num_long_term_bytes": 0,
            "num_rows": 0,
            "project": "dataproject2425",
            "range_partitioning": [],
            "require_partition_filter": false,
            "resource_tags": {},
            "schema": "[{\"mode\":\"NULLABLE\",\"name\":\"vehicle_id\",\"type\":\"STRING\"},{\"mode\":\"NULLABLE\",\"name\":\"event\",\"type\":\"STRING\"},{\"mode\":\"NULLABLE\",\"name\":\"timestamp\",\"type\":\"STRING\"},{\"mode\":\"NULLABLE\",\"name\":\"payload\",\"type\":\"JSON\"}]",
            "self_link": "https://bigquery.googleapis.com/bigquery/v2/projects/dataproject2425/datasets/vehicle_data/tables/analytical-database",
            "table_constraints": [],
            "table_id": "analytical-database",
            "table_replication_info": [],
            "terraform_labels": {
              "goog-terraform-provisioned": "true"
            },
            "time_partitioning": [],
            "type": "TABLE",
            "view": []
          },
          "sensitive_attributes": [],
          "private": "bnVsbA==",
          "dependencies": [
            "module.bigquery.google_bigquery_dataset.dataset"
          ]
        }
      ]
    },
    {
      "module": "module.cloud_function",
      "mode": "managed",
      "type": "google_cloudfunctions2_function",
      "name": "notify-critical-battery-v2",
      "provider": "provider[\"registry.terraform.io/hashicorp/google\"]",
      "instances": [
        {
          "schema_version": 0,
          "attributes": {
            "build_config": [
              {
                "automatic_update_policy": [
                  {}
                ],
                "build": "projects/904999855442/locations/europe-west1/builds/b95ee8f5-4489-4022-8b01-b37da4b15896",
                "docker_repository": "projects/dataproject2425/locations/europe-west1/repositories/gcp-especificos",
                "entry_point": "get_pubsub_message",
                "environment_variables": {},
                "on_deploy_update_policy": [],
                "runtime": "python310",
                "service_account": "projects/dataproject2425/serviceAccounts/904999855442-compute@developer.gserviceaccount.com",
                "source": [
                  {
                    "repo_source": [],
                    "storage_source": [
                      {
                        "bucket": "dataproject2425-functions-source",
                        "generation": 1818326572,
                        "object": "empty.zip"
                      }
                    ]
                  }
                ],
                "worker_pool": ""
              }
            ],
            "description": "",
            "effective_labels": {
              "goog-terraform-provisioned": "true"
            },
            "environment": "GEN_2",
            "event_trigger": [
              {
                "event_filters": [],
                "event_type": "google.cloud.pubsub.topic.v1.messagePublished",
                "pubsub_topic": "projects/dataproject2425/topics/critical-battery-events",
                "retry_policy": "RETRY_POLICY_DO_NOT_RETRY",
                "service_account_email": "904999855442-compute@developer.gserviceaccount.com",
                "trigger": "projects/dataproject2425/locations/europe-west1/triggers/notify-critical-battery-v2-124217",
                "trigger_region": "europe-west1"
              }
            ],
            "id": "projects/dataproject2425/locations/europe-west1/functions/notify-critical-battery-v2",
            "kms_key_name": "",
            "labels": {},
            "location": "europe-west1",
            "name": "notify-critical-battery-v2",
            "project": "dataproject2425",
            "service_config": [
              {
                "all_traffic_on_latest_revision": true,
                "available_cpu": "0.1666",
                "available_memory": "256M",
                "environment_variables": {
                  "LOG_EXECUTION_ID": "true"
                },
                "gcf_uri": "",
                "ingress_settings": "ALLOW_ALL",
                "max_instance_count": 1,
                "max_instance_request_concurrency": 1,
                "min_instance_count": 0,
                "secret_environment_variables": [],
                "secret_volumes": [],
                "service": "projects/dataproject2425/locations/europe-west1/services/notify-critical-battery-v2",
                "service_account_email": "904999855442-compute@developer.gserviceaccount.com",
                "timeout_seconds": 60,
                "uri": "https://notify-critical-battery-v2-iudlbcan4q-ew.a.run.app",
                "vpc_connector": "",
                "vpc_connector_egress_settings": ""
              }
            ],
            "state": "ACTIVE",
            "terraform_labels": {
              "goog-terraform-provisioned": "true"
            },
            "timeouts": null,
            "update_time": "2025-03-10T21:26:08.714346719Z",
            "url": "https://europe-west1-dataproject2425.cloudfunctions.net/notify-critical-battery-v2"
          },
          "sensitive_attributes": [],
          "private": "eyJlMmJmYjczMC1lY2FhLTExZTYtOGY4OC0zNDM2M2JjN2M0YzAiOnsiY3JlYXRlIjozNjAwMDAwMDAwMDAwLCJkZWxldGUiOjM2MDAwMDAwMDAwMDAsInVwZGF0ZSI6MzYwMDAwMDAwMDAwMH19",
          "dependencies": [
            "module.artifact_registry.google_artifact_registry_repository.repo",
            "module.cloud_function.google_storage_bucket.functions_source",
            "module.cloud_function.google_storage_bucket_object.empty_zip",
            "module.pubsub_critical_battery.google_pubsub_topic.prueba"
          ]
        }
      ]
    },
    {
      "module": "module.cloud_function",
      "mode": "managed",
      "type": "google_storage_bucket",
      "name": "functions_source",
      "provider": "provider[\"registry.terraform.io/hashicorp/google\"]",
      "instances": [
        {
          "schema_version": 3,
          "attributes": {
            "autoclass": [],
            "cors": [],
            "custom_placement_config": [],
            "default_event_based_hold": false,
            "effective_labels": {
              "goog-terraform-provisioned": "true"
            },
            "enable_object_retention": false,
            "encryption": [],
            "force_destroy": false,
            "hierarchical_namespace": [
              {
                "enabled": false
              }
            ],
            "id": "dataproject2425-functions-source",
            "labels": {},
            "lifecycle_rule": [],
            "location": "EUROPE-WEST1",
            "logging": [],
            "name": "dataproject2425-functions-source",
            "project": "dataproject2425",
            "project_number": -1238244014,
            "public_access_prevention": "inherited",
            "requester_pays": false,
            "retention_policy": [],
            "rpo": null,
            "self_link": "https://www.googleapis.com/storage/v1/b/dataproject2425-functions-source",
            "soft_delete_policy": [
              {
                "effective_time": "2025-03-10T21:11:59.998Z",
                "retention_duration_seconds": 604800
              }
            ],
            "storage_class": "STANDARD",
            "terraform_labels": {
              "goog-terraform-provisioned": "true"
            },
            "timeouts": null,
            "uniform_bucket_level_access": false,
            "url": "gs://dataproject2425-functions-source",
            "versioning": [],
            "website": []
          },
          "sensitive_attributes": [],
          "private": "eyJlMmJmYjczMC1lY2FhLTExZTYtOGY4OC0zNDM2M2JjN2M0YzAiOnsiY3JlYXRlIjo2MDAwMDAwMDAwMDAsInJlYWQiOjI0MDAwMDAwMDAwMCwidXBkYXRlIjoyNDAwMDAwMDAwMDB9LCJzY2hlbWFfdmVyc2lvbiI6IjMifQ==",
          "dependencies": [
            "module.artifact_registry.google_artifact_registry_repository.repo"
          ]
        }
      ]
    },
    {
      "module": "module.cloud_function",
      "mode": "managed",
      "type": "google_storage_bucket_object",
      "name": "empty_zip",
      "provider": "provider[\"registry.terraform.io/hashicorp/google\"]",
      "instances": [
        {
          "schema_version": 0,
          "attributes": {
            "bucket": "dataproject2425-functions-source",
            "cache_control": "",
            "content": null,
            "content_disposition": "",
            "content_encoding": "",
            "content_language": "",
            "content_type": "application/zip",
            "crc32c": "6Knptw==",
            "customer_encryption": [],
            "detect_md5hash": "xE/cDSTwihrbN07D5hH71A==",
            "event_based_hold": false,
            "generation": 1817811375,
            "id": "dataproject2425-functions-source-empty.zip",
            "kms_key_name": "",
            "md5hash": "xE/cDSTwihrbN07D5hH71A==",
            "media_link": "https://storage.googleapis.com/download/storage/v1/b/dataproject2425-functions-source/o/empty.zip?generation=1741641121110447\u0026alt=media",
            "metadata": {},
            "name": "empty.zip",
            "output_name": "empty.zip",
            "retention": [],
            "self_link": "https://www.googleapis.com/storage/v1/b/dataproject2425-functions-source/o/empty.zip",
            "source": "cloud_function/empty.zip",
            "storage_class": "STANDARD",
            "temporary_hold": false,
            "timeouts": null
          },
          "sensitive_attributes": [
            [
              {
                "type": "get_attr",
                "value": "content"
              }
            ]
          ],
          "private": "eyJlMmJmYjczMC1lY2FhLTExZTYtOGY4OC0zNDM2M2JjN2M0YzAiOnsiY3JlYXRlIjoyNDAwMDAwMDAwMDAsImRlbGV0ZSI6MjQwMDAwMDAwMDAwLCJ1cGRhdGUiOjI0MDAwMDAwMDAwMH19",
          "dependencies": [
            "module.artifact_registry.google_artifact_registry_repository.repo",
            "module.cloud_function.google_storage_bucket.functions_source"
          ]
        }
      ]
    },
    {
      "module": "module.cloud_run_job",
      "mode": "managed",
      "type": "google_cloud_run_v2_job",
      "name": "firestore_to_bq",
      "provider": "provider[\"registry.terraform.io/hashicorp/google\"]",
      "instances": [
        {
          "schema_version": 0,
          "attributes": {
            "annotations": {},
            "binary_authorization": [],
            "client": "",
            "client_version": "",
            "conditions": [],
            "create_time": "2025-03-10T21:20:27.755804Z",
            "creator": "alejbc27@gmail.com",
            "delete_time": "",
            "deletion_protection": false,
            "effective_annotations": {},
            "effective_labels": {
              "goog-terraform-provisioned": "true"
            },
            "etag": "\"CJ6vvb4GENCzhE4/cHJvamVjdHMvZGF0YXByb2plY3QyNDI1L2xvY2F0aW9ucy9ldXJvcGUtd2VzdDEvam9icy9maXJlc3RvcmUtdG8tYmlncXVlcnktam9i\"",
            "execution_count": 1,
            "expire_time": "",
            "generation": "1",
            "id": "projects/dataproject2425/locations/europe-west1/jobs/firestore-to-bigquery-job",
            "labels": {},
            "last_modifier": "alejbc27@gmail.com",
            "latest_created_execution": [
              {
                "completion_time": "2025-03-10T21:20:50.999003Z",
                "create_time": "2025-03-10T21:20:30.152679Z",
                "name": "firestore-to-bigquery-job-ndn4s"
              }
            ],
            "launch_stage": "GA",
            "location": "europe-west1",
            "name": "firestore-to-bigquery-job",
            "observed_generation": "1",
            "project": "dataproject2425",
            "reconciling": false,
            "template": [
              {
                "annotations": {},
                "labels": {},
                "parallelism": 0,
                "task_count": 1,
                "template": [
                  {
                    "containers": [
                      {
                        "args": [],
                        "command": [],
                        "env": [
                          {
                            "name": "BIGQUERY_DATASET",
                            "value": "vehicle_data",
                            "value_source": []
                          },
                          {
                            "name": "BIGQUERY_TABLE",
                            "value": "analytical-database",
                            "value_source": []
                          },
                          {
                            "name": "FIRESTORE_COLLECTION",
                            "value": "vehicle_telemetry_data",
                            "value_source": []
                          }
                        ],
                        "image": "europe-west1-docker.pkg.dev/dataproject2425/gcp-especificos/firestore-to-bq:latest",
                        "name": "",
                        "ports": [],
                        "resources": [
                          {
                            "limits": {
                              "cpu": "1000m",
                              "memory": "512Mi"
                            }
                          }
                        ],
                        "volume_mounts": [],
                        "working_dir": ""
                      }
                    ],
                    "encryption_key": "",
                    "execution_environment": "EXECUTION_ENVIRONMENT_GEN2",
                    "max_retries": 3,
                    "service_account": "904999855442-compute@developer.gserviceaccount.com",
                    "timeout": "600s",
                    "volumes": [],
                    "vpc_access": []
                  }
                ]
              }
            ],
            "terminal_condition": [
              {
                "execution_reason": "",
                "last_transition_time": "2025-03-10T21:20:28.185230Z",
                "message": "",
                "reason": "",
                "revision_reason": "",
                "severity": "",
                "state": "CONDITION_SUCCEEDED",
                "type": "Ready"
              }
            ],
            "terraform_labels": {
              "goog-terraform-provisioned": "true"
            },
            "timeouts": null,
            "uid": "918b8de1-4829-4ae4-bd7f-3c235cb55f4d",
            "update_time": "2025-03-10T21:20:30.163650Z"
          },
          "sensitive_attributes": [],
          "private": "eyJlMmJmYjczMC1lY2FhLTExZTYtOGY4OC0zNDM2M2JjN2M0YzAiOnsiY3JlYXRlIjoxMjAwMDAwMDAwMDAwLCJkZWxldGUiOjEyMDAwMDAwMDAwMDAsInVwZGF0ZSI6MTIwMDAwMDAwMDAwMH19",
          "dependencies": [
            "google_project_iam_member.scheduler_run_invoker",
            "google_service_account.scheduler",
            "module.artifact_registry.google_artifact_registry_repository.repo",
            "module.bigquery.google_bigquery_dataset.dataset",
            "module.bigquery.google_bigquery_table.table",
            "module.cloud_run_job.null_resource.docker_push_bq",
            "module.dataflow.google_dataflow_flex_template_job.dataflow_job",
            "module.dataflow.google_storage_bucket.template_bucket",
            "module.dataflow.null_resource.build_and_push_image",
            "module.dataflow.null_resource.build_flex_template",
            "module.dataflow.time_sleep.wait_for_template",
            "module.firestore.google_firestore_database.database",
            "module.pubsub_battery.google_pubsub_subscription.prueba",
            "module.pubsub_battery.google_pubsub_topic.prueba",
            "module.pubsub_critical_battery.google_pubsub_subscription.prueba",
            "module.pubsub_critical_battery.google_pubsub_topic.prueba",
            "module.pubsub_driving.google_pubsub_subscription.prueba",
            "module.pubsub_driving.google_pubsub_topic.prueba",
            "module.pubsub_enviroment.google_pubsub_subscription.prueba",
            "module.pubsub_enviroment.google_pubsub_topic.prueba"
          ]
        }
      ]
    },
    {
      "module": "module.cloud_run_job",
      "mode": "managed",
      "type": "google_cloud_run_v2_job",
      "name": "vehicle_data_job",
      "provider": "provider[\"registry.terraform.io/hashicorp/google\"]",
      "instances": [
        {
          "schema_version": 0,
          "attributes": {
            "annotations": {},
            "binary_authorization": [],
            "client": "",
            "client_version": "",
            "conditions": [],
            "create_time": "2025-03-10T21:20:32.639129Z",
            "creator": "alejbc27@gmail.com",
            "delete_time": "",
            "deletion_protection": false,
            "effective_annotations": {},
            "effective_labels": {
              "goog-terraform-provisioned": "true"
            },
            "etag": "\"CKyvvb4GEIDTvZcB/cHJvamVjdHMvZGF0YXByb2plY3QyNDI1L2xvY2F0aW9ucy9ldXJvcGUtd2VzdDEvam9icy92ZWhpY2xlLWRhdGEtam9i\"",
            "execution_count": 1,
            "expire_time": "",
            "generation": "1",
            "id": "projects/dataproject2425/locations/europe-west1/jobs/vehicle-data-job",
            "labels": {},
            "last_modifier": "alejbc27@gmail.com",
            "latest_created_execution": [
              {
                "completion_time": "",
                "create_time": "2025-03-10T21:20:44.304548Z",
                "name": "vehicle-data-job-f6gl2"
              }
            ],
            "launch_stage": "GA",
            "location": "europe-west1",
            "name": "vehicle-data-job",
            "observed_generation": "1",
            "project": "dataproject2425",
            "reconciling": false,
            "template": [
              {
                "annotations": {},
                "labels": {},
                "parallelism": 0,
                "task_count": 1,
                "template": [
                  {
                    "containers": [
                      {
                        "args": [
                          "--project_id",
                          "dataproject2425",
                          "--telemetry_battery_topic",
                          "battery-events",
                          "--telemetry_driving_topic",
                          "driving-events",
                          "--telemetry_environment_topic",
                          "enviroment-events",
                          "--city_name",
                          "Alcàsser"
                        ],
                        "command": [],
                        "env": [],
                        "image": "europe-west1-docker.pkg.dev/dataproject2425/gcp-especificos/generators:latest",
                        "name": "",
                        "ports": [],
                        "resources": [
                          {
                            "limits": {
                              "cpu": "1000m",
                              "memory": "512Mi"
                            }
                          }
                        ],
                        "volume_mounts": [],
                        "working_dir": ""
                      }
                    ],
                    "encryption_key": "",
                    "execution_environment": "EXECUTION_ENVIRONMENT_GEN2",
                    "max_retries": 3,
                    "service_account": "job-service-account@dataproject2425.iam.gserviceaccount.com",
                    "timeout": "600s",
                    "volumes": [],
                    "vpc_access": []
                  }
                ]
              }
            ],
            "terminal_condition": [
              {
                "execution_reason": "",
                "last_transition_time": "2025-03-10T21:20:32.814955Z",
                "message": "",
                "reason": "",
                "revision_reason": "",
                "severity": "",
                "state": "CONDITION_SUCCEEDED",
                "type": "Ready"
              }
            ],
            "terraform_labels": {
              "goog-terraform-provisioned": "true"
            },
            "timeouts": null,
            "uid": "b53818cb-5429-4e66-934d-67ea05afaf63",
            "update_time": "2025-03-10T21:20:44.317680Z"
          },
          "sensitive_attributes": [],
          "private": "eyJlMmJmYjczMC1lY2FhLTExZTYtOGY4OC0zNDM2M2JjN2M0YzAiOnsiY3JlYXRlIjoxMjAwMDAwMDAwMDAwLCJkZWxldGUiOjEyMDAwMDAwMDAwMDAsInVwZGF0ZSI6MTIwMDAwMDAwMDAwMH19",
          "dependencies": [
            "google_project_iam_member.scheduler_run_invoker",
            "google_service_account.scheduler",
            "module.artifact_registry.google_artifact_registry_repository.repo",
            "module.bigquery.google_bigquery_dataset.dataset",
            "module.bigquery.google_bigquery_table.table",
            "module.cloud_run_job.google_service_account.job_service_account",
            "module.cloud_run_job.null_resource.docker_push",
            "module.dataflow.google_dataflow_flex_template_job.dataflow_job",
            "module.dataflow.google_storage_bucket.template_bucket",
            "module.dataflow.null_resource.build_and_push_image",
            "module.dataflow.null_resource.build_flex_template",
            "module.dataflow.time_sleep.wait_for_template",
            "module.firestore.google_firestore_database.database",
            "module.pubsub_battery.google_pubsub_subscription.prueba",
            "module.pubsub_battery.google_pubsub_topic.prueba",
            "module.pubsub_critical_battery.google_pubsub_subscription.prueba",
            "module.pubsub_critical_battery.google_pubsub_topic.prueba",
            "module.pubsub_driving.google_pubsub_subscription.prueba",
            "module.pubsub_driving.google_pubsub_topic.prueba",
            "module.pubsub_enviroment.google_pubsub_subscription.prueba",
            "module.pubsub_enviroment.google_pubsub_topic.prueba"
          ]
        }
      ]
    },
    {
      "module": "module.cloud_run_job",
      "mode": "managed",
      "type": "google_cloud_scheduler_job",
      "name": "daily_firestore_to_bq",
      "provider": "provider[\"registry.terraform.io/hashicorp/google\"]",
      "instances": [
        {
          "schema_version": 0,
          "attributes": {
            "app_engine_http_target": [],
            "attempt_deadline": "180s",
            "description": "",
            "http_target": [
              {
                "body": "",
                "headers": {},
                "http_method": "POST",
                "oauth_token": [],
                "oidc_token": [
                  {
                    "audience": "https://europe-west1-run.googleapis.com",
                    "service_account_email": "scheduler-sa@dataproject2425.iam.gserviceaccount.com"
                  }
                ],
                "uri": "https://europe-west1-run.googleapis.com/v2/projects/dataproject2425/locations/europe-west1/jobs/firestore-to-bigquery-job:run"
              }
            ],
            "id": "projects/dataproject2425/locations/europe-west1/jobs/daily-firestore-to-bigquery-job-scheduler",
            "name": "daily-firestore-to-bigquery-job-scheduler",
            "paused": false,
            "project": "dataproject2425",
            "pubsub_target": [],
            "region": "europe-west1",
            "retry_config": [],
            "schedule": "0 0 * * *",
            "state": "ENABLED",
            "time_zone": "UTC",
            "timeouts": null
          },
          "sensitive_attributes": [],
          "private": "eyJlMmJmYjczMC1lY2FhLTExZTYtOGY4OC0zNDM2M2JjN2M0YzAiOnsiY3JlYXRlIjoxMjAwMDAwMDAwMDAwLCJkZWxldGUiOjEyMDAwMDAwMDAwMDAsInVwZGF0ZSI6MTIwMDAwMDAwMDAwMH19",
          "dependencies": [
            "google_project_iam_member.scheduler_run_invoker",
            "google_service_account.scheduler",
            "module.artifact_registry.google_artifact_registry_repository.repo",
            "module.bigquery.google_bigquery_dataset.dataset",
            "module.bigquery.google_bigquery_table.table",
            "module.cloud_run_job.google_cloud_run_v2_job.firestore_to_bq",
            "module.cloud_run_job.google_project_iam_member.scheduler_run_invoker",
            "module.cloud_run_job.google_service_account.scheduler_service_account",
            "module.cloud_run_job.null_resource.docker_push_bq",
            "module.dataflow.google_dataflow_flex_template_job.dataflow_job",
            "module.dataflow.google_storage_bucket.template_bucket",
            "module.dataflow.null_resource.build_and_push_image",
            "module.dataflow.null_resource.build_flex_template",
            "module.dataflow.time_sleep.wait_for_template",
            "module.firestore.google_firestore_database.database",
            "module.pubsub_battery.google_pubsub_subscription.prueba",
            "module.pubsub_battery.google_pubsub_topic.prueba",
            "module.pubsub_critical_battery.google_pubsub_subscription.prueba",
            "module.pubsub_critical_battery.google_pubsub_topic.prueba",
            "module.pubsub_driving.google_pubsub_subscription.prueba",
            "module.pubsub_driving.google_pubsub_topic.prueba",
            "module.pubsub_enviroment.google_pubsub_subscription.prueba",
            "module.pubsub_enviroment.google_pubsub_topic.prueba"
          ]
        }
      ]
    },
    {
      "module": "module.cloud_run_job",
      "mode": "managed",
      "type": "google_project_iam_member",
      "name": "pubsub_publisher",
      "provider": "provider[\"registry.terraform.io/hashicorp/google\"]",
      "instances": [
        {
          "schema_version": 0,
          "attributes": {
            "condition": [],
            "etag": "BwYwA4mt4xI=",
            "id": "dataproject2425/roles/pubsub.publisher/serviceAccount:job-service-account@dataproject2425.iam.gserviceaccount.com",
            "member": "serviceAccount:job-service-account@dataproject2425.iam.gserviceaccount.com",
            "project": "dataproject2425",
            "role": "roles/pubsub.publisher"
          },
          "sensitive_attributes": [],
          "private": "bnVsbA==",
          "dependencies": [
            "google_project_iam_member.scheduler_run_invoker",
            "google_service_account.scheduler",
            "module.artifact_registry.google_artifact_registry_repository.repo",
            "module.bigquery.google_bigquery_dataset.dataset",
            "module.bigquery.google_bigquery_table.table",
            "module.cloud_run_job.google_service_account.job_service_account",
            "module.dataflow.google_dataflow_flex_template_job.dataflow_job",
            "module.dataflow.google_storage_bucket.template_bucket",
            "module.dataflow.null_resource.build_and_push_image",
            "module.dataflow.null_resource.build_flex_template",
            "module.dataflow.time_sleep.wait_for_template",
            "module.firestore.google_firestore_database.database",
            "module.pubsub_battery.google_pubsub_subscription.prueba",
            "module.pubsub_battery.google_pubsub_topic.prueba",
            "module.pubsub_critical_battery.google_pubsub_subscription.prueba",
            "module.pubsub_critical_battery.google_pubsub_topic.prueba",
            "module.pubsub_driving.google_pubsub_subscription.prueba",
            "module.pubsub_driving.google_pubsub_topic.prueba",
            "module.pubsub_enviroment.google_pubsub_subscription.prueba",
            "module.pubsub_enviroment.google_pubsub_topic.prueba"
          ]
        }
      ]
    },
    {
      "module": "module.cloud_run_job",
      "mode": "managed",
      "type": "google_project_iam_member",
      "name": "scheduler_run_invoker",
      "provider": "provider[\"registry.terraform.io/hashicorp/google\"]",
      "instances": [
        {
          "schema_version": 0,
          "attributes": {
            "condition": [],
            "etag": "BwYwA4mt4xI=",
            "id": "dataproject2425/roles/run.invoker/serviceAccount:scheduler-sa@dataproject2425.iam.gserviceaccount.com",
            "member": "serviceAccount:scheduler-sa@dataproject2425.iam.gserviceaccount.com",
            "project": "dataproject2425",
            "role": "roles/run.invoker"
          },
          "sensitive_attributes": [],
          "private": "bnVsbA==",
          "dependencies": [
            "google_project_iam_member.scheduler_run_invoker",
            "google_service_account.scheduler",
            "module.artifact_registry.google_artifact_registry_repository.repo",
            "module.bigquery.google_bigquery_dataset.dataset",
            "module.bigquery.google_bigquery_table.table",
            "module.cloud_run_job.google_service_account.scheduler_service_account",
            "module.dataflow.google_dataflow_flex_template_job.dataflow_job",
            "module.dataflow.google_storage_bucket.template_bucket",
            "module.dataflow.null_resource.build_and_push_image",
            "module.dataflow.null_resource.build_flex_template",
            "module.dataflow.time_sleep.wait_for_template",
            "module.firestore.google_firestore_database.database",
            "module.pubsub_battery.google_pubsub_subscription.prueba",
            "module.pubsub_battery.google_pubsub_topic.prueba",
            "module.pubsub_critical_battery.google_pubsub_subscription.prueba",
            "module.pubsub_critical_battery.google_pubsub_topic.prueba",
            "module.pubsub_driving.google_pubsub_subscription.prueba",
            "module.pubsub_driving.google_pubsub_topic.prueba",
            "module.pubsub_enviroment.google_pubsub_subscription.prueba",
            "module.pubsub_enviroment.google_pubsub_topic.prueba"
          ]
        }
      ]
    },
    {
      "module": "module.cloud_run_job",
      "mode": "managed",
      "type": "google_project_iam_member",
      "name": "scheduler_sa_user",
      "provider": "provider[\"registry.terraform.io/hashicorp/google\"]",
      "instances": [
        {
          "schema_version": 0,
          "attributes": {
            "condition": [],
            "etag": "BwYwA5xh2TA=",
            "id": "dataproject2425/roles/iam.serviceAccountUser/serviceAccount:scheduler-sa@dataproject2425.iam.gserviceaccount.com",
            "member": "serviceAccount:scheduler-sa@dataproject2425.iam.gserviceaccount.com",
            "project": "dataproject2425",
            "role": "roles/iam.serviceAccountUser"
          },
          "sensitive_attributes": [],
          "private": "bnVsbA==",
          "dependencies": [
            "google_project_iam_member.scheduler_run_invoker",
            "google_service_account.scheduler",
            "module.artifact_registry.google_artifact_registry_repository.repo",
            "module.bigquery.google_bigquery_dataset.dataset",
            "module.bigquery.google_bigquery_table.table",
            "module.cloud_run_job.google_service_account.scheduler_service_account",
            "module.dataflow.google_dataflow_flex_template_job.dataflow_job",
            "module.dataflow.google_storage_bucket.template_bucket",
            "module.dataflow.null_resource.build_and_push_image",
            "module.dataflow.null_resource.build_flex_template",
            "module.dataflow.time_sleep.wait_for_template",
            "module.firestore.google_firestore_database.database",
            "module.pubsub_battery.google_pubsub_subscription.prueba",
            "module.pubsub_battery.google_pubsub_topic.prueba",
            "module.pubsub_critical_battery.google_pubsub_subscription.prueba",
            "module.pubsub_critical_battery.google_pubsub_topic.prueba",
            "module.pubsub_driving.google_pubsub_subscription.prueba",
            "module.pubsub_driving.google_pubsub_topic.prueba",
            "module.pubsub_enviroment.google_pubsub_subscription.prueba",
            "module.pubsub_enviroment.google_pubsub_topic.prueba"
          ]
        }
      ]
    },
    {
      "module": "module.cloud_run_job",
      "mode": "managed",
      "type": "google_service_account",
      "name": "job_service_account",
      "provider": "provider[\"registry.terraform.io/hashicorp/google\"]",
      "instances": [
        {
          "schema_version": 0,
          "attributes": {
            "account_id": "job-service-account",
            "create_ignore_already_exists": null,
            "description": "",
            "disabled": false,
            "display_name": "Service account for Cloud Run Job",
            "email": "job-service-account@dataproject2425.iam.gserviceaccount.com",
            "id": "projects/dataproject2425/serviceAccounts/job-service-account@dataproject2425.iam.gserviceaccount.com",
            "member": "serviceAccount:job-service-account@dataproject2425.iam.gserviceaccount.com",
            "name": "projects/dataproject2425/serviceAccounts/job-service-account@dataproject2425.iam.gserviceaccount.com",
            "project": "dataproject2425",
            "timeouts": null,
            "unique_id": "111062405711368029873"
          },
          "sensitive_attributes": [],
          "private": "eyJlMmJmYjczMC1lY2FhLTExZTYtOGY4OC0zNDM2M2JjN2M0YzAiOnsiY3JlYXRlIjozMDAwMDAwMDAwMDB9fQ==",
          "dependencies": [
            "google_project_iam_member.scheduler_run_invoker",
            "google_service_account.scheduler",
            "module.artifact_registry.google_artifact_registry_repository.repo",
            "module.bigquery.google_bigquery_dataset.dataset",
            "module.bigquery.google_bigquery_table.table",
            "module.dataflow.google_dataflow_flex_template_job.dataflow_job",
            "module.dataflow.google_storage_bucket.template_bucket",
            "module.dataflow.null_resource.build_and_push_image",
            "module.dataflow.null_resource.build_flex_template",
            "module.dataflow.time_sleep.wait_for_template",
            "module.firestore.google_firestore_database.database",
            "module.pubsub_battery.google_pubsub_subscription.prueba",
            "module.pubsub_battery.google_pubsub_topic.prueba",
            "module.pubsub_critical_battery.google_pubsub_subscription.prueba",
            "module.pubsub_critical_battery.google_pubsub_topic.prueba",
            "module.pubsub_driving.google_pubsub_subscription.prueba",
            "module.pubsub_driving.google_pubsub_topic.prueba",
            "module.pubsub_enviroment.google_pubsub_subscription.prueba",
            "module.pubsub_enviroment.google_pubsub_topic.prueba"
          ]
        }
      ]
    },
    {
      "module": "module.cloud_run_job",
      "mode": "managed",
      "type": "google_service_account",
      "name": "scheduler_service_account",
      "provider": "provider[\"registry.terraform.io/hashicorp/google\"]",
      "instances": [
        {
          "schema_version": 0,
          "attributes": {
            "account_id": "scheduler-sa",
            "create_ignore_already_exists": null,
            "description": "",
            "disabled": false,
            "display_name": "Cloud Scheduler Service Account",
            "email": "scheduler-sa@dataproject2425.iam.gserviceaccount.com",
            "id": "projects/dataproject2425/serviceAccounts/scheduler-sa@dataproject2425.iam.gserviceaccount.com",
            "member": "serviceAccount:scheduler-sa@dataproject2425.iam.gserviceaccount.com",
            "name": "projects/dataproject2425/serviceAccounts/scheduler-sa@dataproject2425.iam.gserviceaccount.com",
            "project": "dataproject2425",
            "timeouts": null,
            "unique_id": "116975452028418113675"
          },
          "sensitive_attributes": [],
          "private": "eyJlMmJmYjczMC1lY2FhLTExZTYtOGY4OC0zNDM2M2JjN2M0YzAiOnsiY3JlYXRlIjozMDAwMDAwMDAwMDB9fQ==",
          "dependencies": [
            "google_project_iam_member.scheduler_run_invoker",
            "google_service_account.scheduler",
            "module.artifact_registry.google_artifact_registry_repository.repo",
            "module.bigquery.google_bigquery_dataset.dataset",
            "module.bigquery.google_bigquery_table.table",
            "module.dataflow.google_dataflow_flex_template_job.dataflow_job",
            "module.dataflow.google_storage_bucket.template_bucket",
            "module.dataflow.null_resource.build_and_push_image",
            "module.dataflow.null_resource.build_flex_template",
            "module.dataflow.time_sleep.wait_for_template",
            "module.firestore.google_firestore_database.database",
            "module.pubsub_battery.google_pubsub_subscription.prueba",
            "module.pubsub_battery.google_pubsub_topic.prueba",
            "module.pubsub_critical_battery.google_pubsub_subscription.prueba",
            "module.pubsub_critical_battery.google_pubsub_topic.prueba",
            "module.pubsub_driving.google_pubsub_subscription.prueba",
            "module.pubsub_driving.google_pubsub_topic.prueba",
            "module.pubsub_enviroment.google_pubsub_subscription.prueba",
            "module.pubsub_enviroment.google_pubsub_topic.prueba"
          ]
        }
      ]
    },
    {
      "module": "module.cloud_run_job",
      "mode": "managed",
      "type": "null_resource",
      "name": "docker_push",
      "provider": "provider[\"registry.terraform.io/hashicorp/null\"]",
      "instances": [
        {
          "schema_version": 0,
          "attributes": {
            "id": "388456233",
            "triggers": null
          },
          "sensitive_attributes": [],
          "dependencies": [
            "google_project_iam_member.scheduler_run_invoker",
            "google_service_account.scheduler",
            "module.artifact_registry.google_artifact_registry_repository.repo",
            "module.bigquery.google_bigquery_dataset.dataset",
            "module.bigquery.google_bigquery_table.table",
            "module.dataflow.google_dataflow_flex_template_job.dataflow_job",
            "module.dataflow.google_storage_bucket.template_bucket",
            "module.dataflow.null_resource.build_and_push_image",
            "module.dataflow.null_resource.build_flex_template",
            "module.dataflow.time_sleep.wait_for_template",
            "module.firestore.google_firestore_database.database",
            "module.pubsub_battery.google_pubsub_subscription.prueba",
            "module.pubsub_battery.google_pubsub_topic.prueba",
            "module.pubsub_critical_battery.google_pubsub_subscription.prueba",
            "module.pubsub_critical_battery.google_pubsub_topic.prueba",
            "module.pubsub_driving.google_pubsub_subscription.prueba",
            "module.pubsub_driving.google_pubsub_topic.prueba",
            "module.pubsub_enviroment.google_pubsub_subscription.prueba",
            "module.pubsub_enviroment.google_pubsub_topic.prueba"
          ]
        }
      ]
    },
    {
      "module": "module.cloud_run_job",
      "mode": "managed",
      "type": "null_resource",
      "name": "docker_push_bq",
      "provider": "provider[\"registry.terraform.io/hashicorp/null\"]",
      "instances": [
        {
          "schema_version": 0,
          "attributes": {
            "id": "1073641375",
            "triggers": null
          },
          "sensitive_attributes": [],
          "dependencies": [
            "google_project_iam_member.scheduler_run_invoker",
            "google_service_account.scheduler",
            "module.artifact_registry.google_artifact_registry_repository.repo",
            "module.bigquery.google_bigquery_dataset.dataset",
            "module.bigquery.google_bigquery_table.table",
            "module.dataflow.google_dataflow_flex_template_job.dataflow_job",
            "module.dataflow.google_storage_bucket.template_bucket",
            "module.dataflow.null_resource.build_and_push_image",
            "module.dataflow.null_resource.build_flex_template",
            "module.dataflow.time_sleep.wait_for_template",
            "module.firestore.google_firestore_database.database",
            "module.pubsub_battery.google_pubsub_subscription.prueba",
            "module.pubsub_battery.google_pubsub_topic.prueba",
            "module.pubsub_critical_battery.google_pubsub_subscription.prueba",
            "module.pubsub_critical_battery.google_pubsub_topic.prueba",
            "module.pubsub_driving.google_pubsub_subscription.prueba",
            "module.pubsub_driving.google_pubsub_topic.prueba",
            "module.pubsub_enviroment.google_pubsub_subscription.prueba",
            "module.pubsub_enviroment.google_pubsub_topic.prueba"
          ]
        }
      ]
    },
    {
      "module": "module.cloud_run_job",
      "mode": "managed",
      "type": "null_resource",
      "name": "execute_firestore-to-bq",
      "provider": "provider[\"registry.terraform.io/hashicorp/null\"]",
      "instances": [
        {
          "schema_version": 0,
          "attributes": {
            "id": "898576354",
            "triggers": null
          },
          "sensitive_attributes": [],
          "dependencies": [
            "google_project_iam_member.scheduler_run_invoker",
            "google_service_account.scheduler",
            "module.artifact_registry.google_artifact_registry_repository.repo",
            "module.bigquery.google_bigquery_dataset.dataset",
            "module.bigquery.google_bigquery_table.table",
            "module.cloud_run_job.google_cloud_run_v2_job.firestore_to_bq",
            "module.cloud_run_job.null_resource.docker_push_bq",
            "module.dataflow.google_dataflow_flex_template_job.dataflow_job",
            "module.dataflow.google_storage_bucket.template_bucket",
            "module.dataflow.null_resource.build_and_push_image",
            "module.dataflow.null_resource.build_flex_template",
            "module.dataflow.time_sleep.wait_for_template",
            "module.firestore.google_firestore_database.database",
            "module.pubsub_battery.google_pubsub_subscription.prueba",
            "module.pubsub_battery.google_pubsub_topic.prueba",
            "module.pubsub_critical_battery.google_pubsub_subscription.prueba",
            "module.pubsub_critical_battery.google_pubsub_topic.prueba",
            "module.pubsub_driving.google_pubsub_subscription.prueba",
            "module.pubsub_driving.google_pubsub_topic.prueba",
            "module.pubsub_enviroment.google_pubsub_subscription.prueba",
            "module.pubsub_enviroment.google_pubsub_topic.prueba"
          ]
        }
      ]
    },
    {
      "module": "module.cloud_run_job",
      "mode": "managed",
      "type": "null_resource",
      "name": "execute_vehicle_data_job",
      "provider": "provider[\"registry.terraform.io/hashicorp/null\"]",
      "instances": [
        {
          "schema_version": 0,
          "attributes": {
            "id": "103719902",
            "triggers": null
          },
          "sensitive_attributes": [],
          "dependencies": [
            "google_project_iam_member.scheduler_run_invoker",
            "google_service_account.scheduler",
            "module.artifact_registry.google_artifact_registry_repository.repo",
            "module.bigquery.google_bigquery_dataset.dataset",
            "module.bigquery.google_bigquery_table.table",
            "module.cloud_run_job.google_cloud_run_v2_job.vehicle_data_job",
            "module.cloud_run_job.google_service_account.job_service_account",
            "module.cloud_run_job.null_resource.docker_push",
            "module.dataflow.google_dataflow_flex_template_job.dataflow_job",
            "module.dataflow.google_storage_bucket.template_bucket",
            "module.dataflow.null_resource.build_and_push_image",
            "module.dataflow.null_resource.build_flex_template",
            "module.dataflow.time_sleep.wait_for_template",
            "module.firestore.google_firestore_database.database",
            "module.pubsub_battery.google_pubsub_subscription.prueba",
            "module.pubsub_battery.google_pubsub_topic.prueba",
            "module.pubsub_critical_battery.google_pubsub_subscription.prueba",
            "module.pubsub_critical_battery.google_pubsub_topic.prueba",
            "module.pubsub_driving.google_pubsub_subscription.prueba",
            "module.pubsub_driving.google_pubsub_topic.prueba",
            "module.pubsub_enviroment.google_pubsub_subscription.prueba",
            "module.pubsub_enviroment.google_pubsub_topic.prueba"
          ]
        }
      ]
    },
    {
      "module": "module.dataflow",
      "mode": "managed",
      "type": "google_dataflow_flex_template_job",
      "name": "dataflow_job",
      "provider": "provider[\"registry.terraform.io/hashicorp/google-beta\"]",
      "instances": [
        {
          "schema_version": 1,
          "attributes": {
            "additional_experiments": [],
            "autoscaling_algorithm": null,
            "container_spec_gcs_path": "gs://alboce-dataflow-bucket/templates/flex_template.json",
            "effective_labels": {
              "goog-terraform-provisioned": "true"
            },
            "enable_streaming_engine": null,
            "id": "2025-03-10_14_16_41-3259457364515099746",
            "ip_configuration": null,
            "job_id": "2025-03-10_14_16_41-3259457364515099746",
            "kms_key_name": "",
            "labels": {},
            "launcher_machine_type": null,
            "machine_type": "",
            "max_workers": 0,
            "name": "vehicle-dataflow",
            "network": "",
            "num_workers": 0,
            "on_delete": "cancel",
            "parameters": {
              "battery_telemetry_subscription": "projects/dataproject2425/subscriptions/battery-events-sub",
              "driving_telemetry_subscription": "projects/dataproject2425/subscriptions/driving-events-sub",
              "environment_telemetry_subscription": "projects/dataproject2425/subscriptions/enviroment-events-sub",
              "firestore_collection": "vehicle_telemetry_data",
              "image_api": "https://europe-southwest1-serverless-edem.cloudfunctions.net/getTrafficImages",
              "output_topic": "projects/dataproject2425/topics/critical-battery-events",
              "project_id": "dataproject2425",
              "staging_location": "gs://alboce-dataflow-bucket/staging",
              "temp_location": "gs://alboce-dataflow-bucket/temp"
            },
            "project": "dataproject2425",
            "region": "europe-west1",
            "sdk_container_image": "",
            "service_account_email": "904999855442-compute@developer.gserviceaccount.com",
            "skip_wait_on_job_termination": false,
            "staging_location": "",
            "state": "JOB_STATE_RUNNING",
            "subnetwork": "",
            "temp_location": "",
            "terraform_labels": {
              "goog-terraform-provisioned": "true"
            },
            "transform_name_mapping": null,
            "type": "JOB_TYPE_STREAMING"
          },
          "sensitive_attributes": [],
          "private": "eyJzY2hlbWFfdmVyc2lvbiI6IjEifQ==",
          "dependencies": [
            "module.artifact_registry.google_artifact_registry_repository.repo",
            "module.bigquery.google_bigquery_dataset.dataset",
            "module.bigquery.google_bigquery_table.table",
            "module.dataflow.google_storage_bucket.template_bucket",
            "module.dataflow.null_resource.build_and_push_image",
            "module.dataflow.null_resource.build_flex_template",
            "module.dataflow.time_sleep.wait_for_template",
            "module.firestore.google_firestore_database.database",
            "module.pubsub_battery.google_pubsub_subscription.prueba",
            "module.pubsub_battery.google_pubsub_topic.prueba",
            "module.pubsub_critical_battery.google_pubsub_subscription.prueba",
            "module.pubsub_critical_battery.google_pubsub_topic.prueba",
            "module.pubsub_driving.google_pubsub_subscription.prueba",
            "module.pubsub_driving.google_pubsub_topic.prueba",
            "module.pubsub_enviroment.google_pubsub_subscription.prueba",
            "module.pubsub_enviroment.google_pubsub_topic.prueba"
          ]
        }
      ]
    },
    {
      "module": "module.dataflow",
      "mode": "managed",
      "type": "google_storage_bucket",
      "name": "template_bucket",
      "provider": "provider[\"registry.terraform.io/hashicorp/google\"]",
      "instances": [
        {
          "schema_version": 3,
          "attributes": {
            "autoclass": [],
            "cors": [],
            "custom_placement_config": [],
            "default_event_based_hold": false,
            "effective_labels": {
              "goog-terraform-provisioned": "true"
            },
            "enable_object_retention": false,
            "encryption": [],
            "force_destroy": true,
            "hierarchical_namespace": [
              {
                "enabled": false
              }
            ],
            "id": "alboce-dataflow-bucket",
            "labels": {},
            "lifecycle_rule": [],
            "location": "EUROPE-WEST1",
            "logging": [],
            "name": "alboce-dataflow-bucket",
            "project": "dataproject2425",
            "project_number": -1238244014,
            "public_access_prevention": "inherited",
            "requester_pays": false,
            "retention_policy": [],
            "rpo": null,
            "self_link": "https://www.googleapis.com/storage/v1/b/alboce-dataflow-bucket",
            "soft_delete_policy": [
              {
                "effective_time": "2025-03-10T21:12:04.664Z",
                "retention_duration_seconds": 604800
              }
            ],
            "storage_class": "STANDARD",
            "terraform_labels": {
              "goog-terraform-provisioned": "true"
            },
            "timeouts": null,
            "uniform_bucket_level_access": false,
            "url": "gs://alboce-dataflow-bucket",
            "versioning": [],
            "website": []
          },
          "sensitive_attributes": [],
          "private": "eyJlMmJmYjczMC1lY2FhLTExZTYtOGY4OC0zNDM2M2JjN2M0YzAiOnsiY3JlYXRlIjo2MDAwMDAwMDAwMDAsInJlYWQiOjI0MDAwMDAwMDAwMCwidXBkYXRlIjoyNDAwMDAwMDAwMDB9LCJzY2hlbWFfdmVyc2lvbiI6IjMifQ==",
          "dependencies": [
            "module.artifact_registry.google_artifact_registry_repository.repo",
            "module.bigquery.google_bigquery_dataset.dataset",
            "module.bigquery.google_bigquery_table.table",
            "module.firestore.google_firestore_database.database",
            "module.pubsub_battery.google_pubsub_subscription.prueba",
            "module.pubsub_battery.google_pubsub_topic.prueba",
            "module.pubsub_critical_battery.google_pubsub_subscription.prueba",
            "module.pubsub_critical_battery.google_pubsub_topic.prueba",
            "module.pubsub_driving.google_pubsub_subscription.prueba",
            "module.pubsub_driving.google_pubsub_topic.prueba",
            "module.pubsub_enviroment.google_pubsub_subscription.prueba",
            "module.pubsub_enviroment.google_pubsub_topic.prueba"
          ]
        }
      ]
    },
    {
      "module": "module.dataflow",
      "mode": "managed",
      "type": "null_resource",
      "name": "build_and_push_image",
      "provider": "provider[\"registry.terraform.io/hashicorp/null\"]",
      "instances": [
        {
          "schema_version": 0,
          "attributes": {
            "id": "115155438",
            "triggers": null
          },
          "sensitive_attributes": [],
          "dependencies": [
            "module.artifact_registry.google_artifact_registry_repository.repo",
            "module.bigquery.google_bigquery_dataset.dataset",
            "module.bigquery.google_bigquery_table.table",
            "module.firestore.google_firestore_database.database",
            "module.pubsub_battery.google_pubsub_subscription.prueba",
            "module.pubsub_battery.google_pubsub_topic.prueba",
            "module.pubsub_critical_battery.google_pubsub_subscription.prueba",
            "module.pubsub_critical_battery.google_pubsub_topic.prueba",
            "module.pubsub_driving.google_pubsub_subscription.prueba",
            "module.pubsub_driving.google_pubsub_topic.prueba",
            "module.pubsub_enviroment.google_pubsub_subscription.prueba",
            "module.pubsub_enviroment.google_pubsub_topic.prueba"
          ]
        }
      ]
    },
    {
      "module": "module.dataflow",
      "mode": "managed",
      "type": "null_resource",
      "name": "build_flex_template",
      "provider": "provider[\"registry.terraform.io/hashicorp/null\"]",
      "instances": [
        {
          "schema_version": 0,
          "attributes": {
            "id": "1481498858",
            "triggers": null
          },
          "sensitive_attributes": [],
          "dependencies": [
            "module.artifact_registry.google_artifact_registry_repository.repo",
            "module.bigquery.google_bigquery_dataset.dataset",
            "module.bigquery.google_bigquery_table.table",
            "module.dataflow.google_storage_bucket.template_bucket",
            "module.dataflow.null_resource.build_and_push_image",
            "module.firestore.google_firestore_database.database",
            "module.pubsub_battery.google_pubsub_subscription.prueba",
            "module.pubsub_battery.google_pubsub_topic.prueba",
            "module.pubsub_critical_battery.google_pubsub_subscription.prueba",
            "module.pubsub_critical_battery.google_pubsub_topic.prueba",
            "module.pubsub_driving.google_pubsub_subscription.prueba",
            "module.pubsub_driving.google_pubsub_topic.prueba",
            "module.pubsub_enviroment.google_pubsub_subscription.prueba",
            "module.pubsub_enviroment.google_pubsub_topic.prueba"
          ]
        }
      ]
    },
    {
      "module": "module.dataflow",
      "mode": "managed",
      "type": "time_sleep",
      "name": "wait_for_template",
      "provider": "provider[\"registry.terraform.io/hashicorp/time\"]",
      "instances": [
        {
          "schema_version": 0,
          "attributes": {
            "create_duration": "30s",
            "destroy_duration": null,
            "id": "2025-03-10T21:16:41Z",
            "triggers": null
          },
          "sensitive_attributes": [],
          "dependencies": [
            "module.artifact_registry.google_artifact_registry_repository.repo",
            "module.bigquery.google_bigquery_dataset.dataset",
            "module.bigquery.google_bigquery_table.table",
            "module.dataflow.google_storage_bucket.template_bucket",
            "module.dataflow.null_resource.build_and_push_image",
            "module.dataflow.null_resource.build_flex_template",
            "module.firestore.google_firestore_database.database",
            "module.pubsub_battery.google_pubsub_subscription.prueba",
            "module.pubsub_battery.google_pubsub_topic.prueba",
            "module.pubsub_critical_battery.google_pubsub_subscription.prueba",
            "module.pubsub_critical_battery.google_pubsub_topic.prueba",
            "module.pubsub_driving.google_pubsub_subscription.prueba",
            "module.pubsub_driving.google_pubsub_topic.prueba",
            "module.pubsub_enviroment.google_pubsub_subscription.prueba",
            "module.pubsub_enviroment.google_pubsub_topic.prueba"
          ]
        }
      ]
    },
    {
      "module": "module.firestore",
      "mode": "managed",
      "type": "google_firestore_database",
      "name": "database",
      "provider": "provider[\"registry.terraform.io/hashicorp/google\"]",
      "instances": [
        {
          "schema_version": 0,
          "attributes": {
            "app_engine_integration_mode": "DISABLED",
            "cmek_config": [],
            "concurrency_mode": "PESSIMISTIC",
            "create_time": "",
            "delete_protection_state": "DELETE_PROTECTION_DISABLED",
            "deletion_policy": "DELETE",
            "earliest_version_time": "2025-03-10T21:11:52.262064Z",
            "etag": "ILbJtN65gIwDMNKu35a5gIwD",
            "id": "projects/dataproject2425/databases/(default)",
            "key_prefix": "",
            "location_id": "nam5",
            "name": "(default)",
            "point_in_time_recovery_enablement": "POINT_IN_TIME_RECOVERY_DISABLED",
            "project": "dataproject2425",
            "timeouts": null,
            "type": "FIRESTORE_NATIVE",
            "uid": "6acefdc8-5672-4831-93c8-974db8dd2486",
            "update_time": "",
            "version_retention_period": "3600s"
          },
          "sensitive_attributes": [],
          "private": "eyJlMmJmYjczMC1lY2FhLTExZTYtOGY4OC0zNDM2M2JjN2M0YzAiOnsiY3JlYXRlIjoxMjAwMDAwMDAwMDAwLCJkZWxldGUiOjEyMDAwMDAwMDAwMDAsInVwZGF0ZSI6MTIwMDAwMDAwMDAwMH19"
        }
      ]
    },
    {
      "module": "module.grafana",
      "mode": "managed",
      "type": "google_cloud_run_service",
      "name": "grafana",
      "provider": "provider[\"registry.terraform.io/hashicorp/google\"]",
      "instances": [
        {
          "schema_version": 2,
          "attributes": {
            "autogenerate_revision_name": false,
            "id": "locations/europe-west1/namespaces/dataproject2425/services/grafana",
            "location": "europe-west1",
            "metadata": [
              {
                "annotations": {},
                "effective_annotations": {
                  "run.googleapis.com/ingress": "all",
                  "run.googleapis.com/ingress-status": "all",
                  "run.googleapis.com/operation-id": "8be6bb83-4127-49bd-b23c-62f69738a60c",
                  "run.googleapis.com/urls": "[\"https://grafana-904999855442.europe-west1.run.app\",\"https://grafana-iudlbcan4q-ew.a.run.app\"]",
                  "serving.knative.dev/creator": "alejbc27@gmail.com",
                  "serving.knative.dev/lastModifier": "alejbc27@gmail.com"
                },
                "effective_labels": {
                  "cloud.googleapis.com/location": "europe-west1"
                },
                "generation": 1,
                "labels": {},
                "namespace": "dataproject2425",
                "resource_version": "AAYwA2y9+RA",
                "self_link": "/apis/serving.knative.dev/v1/namespaces/904999855442/services/grafana",
                "terraform_labels": {},
                "uid": "6679a33d-640d-4088-a53e-5c669c17afdd"
              }
            ],
            "name": "grafana",
            "project": "dataproject2425",
            "status": [
              {
                "conditions": [
                  {
                    "message": "",
                    "reason": "",
                    "status": "True",
                    "type": "Ready"
                  },
                  {
                    "message": "",
                    "reason": "",
                    "status": "True",
                    "type": "ConfigurationsReady"
                  },
                  {
                    "message": "",
                    "reason": "",
                    "status": "True",
                    "type": "RoutesReady"
                  }
                ],
                "latest_created_revision_name": "grafana-00001-s76",
                "latest_ready_revision_name": "grafana-00001-s76",
                "observed_generation": 1,
                "traffic": [
                  {
                    "latest_revision": true,
                    "percent": 100,
                    "revision_name": "grafana-00001-s76",
                    "tag": "",
                    "url": ""
                  }
                ],
                "url": "https://grafana-iudlbcan4q-ew.a.run.app"
              }
            ],
            "template": [
              {
                "metadata": [
                  {
                    "annotations": {
                      "autoscaling.knative.dev/maxScale": "100"
                    },
                    "generation": 0,
                    "labels": {
                      "run.googleapis.com/startupProbeType": "Default"
                    },
                    "name": "",
                    "namespace": "",
                    "resource_version": "",
                    "self_link": "",
                    "uid": ""
                  }
                ],
                "spec": [
                  {
                    "container_concurrency": 80,
                    "containers": [
                      {
                        "args": [],
                        "command": [],
                        "env": [
                          {
                            "name": "GF_SECURITY_ADMIN_PASSWORD",
                            "value": "edem_2025",
                            "value_from": []
                          },
                          {
                            "name": "GF_SECURITY_ADMIN_USER",
                            "value": "admin",
                            "value_from": []
                          }
                        ],
                        "env_from": [],
                        "image": "grafana/grafana:latest",
                        "liveness_probe": [],
                        "name": "",
                        "ports": [
                          {
                            "container_port": 3000,
                            "name": "http1",
                            "protocol": ""
                          }
                        ],
                        "resources": [
                          {
                            "limits": {
                              "cpu": "1000m",
                              "memory": "512Mi"
                            },
                            "requests": {}
                          }
                        ],
                        "startup_probe": [
                          {
                            "failure_threshold": 1,
                            "grpc": [],
                            "http_get": [],
                            "initial_delay_seconds": 0,
                            "period_seconds": 240,
                            "tcp_socket": [
                              {
                                "port": 3000
                              }
                            ],
                            "timeout_seconds": 240
                          }
                        ],
                        "volume_mounts": [],
                        "working_dir": ""
                      }
                    ],
                    "service_account_name": "904999855442-compute@developer.gserviceaccount.com",
                    "serving_state": "",
                    "timeout_seconds": 300,
                    "volumes": []
                  }
                ]
              }
            ],
            "timeouts": null,
            "traffic": [
              {
                "latest_revision": true,
                "percent": 100,
                "revision_name": "",
                "tag": "",
                "url": ""
              }
            ]
          },
          "sensitive_attributes": [],
          "private": "eyJlMmJmYjczMC1lY2FhLTExZTYtOGY4OC0zNDM2M2JjN2M0YzAiOnsiY3JlYXRlIjoxMjAwMDAwMDAwMDAwLCJkZWxldGUiOjEyMDAwMDAwMDAwMDAsInVwZGF0ZSI6MTIwMDAwMDAwMDAwMH0sInNjaGVtYV92ZXJzaW9uIjoiMiJ9"
        }
      ]
    },
    {
      "module": "module.grafana",
      "mode": "managed",
      "type": "google_cloud_run_service_iam_member",
      "name": "noauth",
      "provider": "provider[\"registry.terraform.io/hashicorp/google\"]",
      "instances": [
        {
          "schema_version": 0,
          "attributes": {
            "condition": [],
            "etag": "BwYwA208sZg=",
            "id": "v1/projects/dataproject2425/locations/europe-west1/services/grafana/roles/run.invoker/allUsers",
            "location": "europe-west1",
            "member": "allUsers",
            "project": "dataproject2425",
            "role": "roles/run.invoker",
            "service": "v1/projects/dataproject2425/locations/europe-west1/services/grafana"
          },
          "sensitive_attributes": [],
          "private": "bnVsbA==",
          "dependencies": [
            "module.grafana.google_cloud_run_service.grafana"
          ]
        }
      ]
    },
    {
      "module": "module.pubsub_battery",
      "mode": "managed",
      "type": "google_pubsub_subscription",
      "name": "prueba",
      "provider": "provider[\"registry.terraform.io/hashicorp/google\"]",
      "instances": [
        {
          "schema_version": 0,
          "attributes": {
            "ack_deadline_seconds": 10,
            "bigquery_config": [],
            "cloud_storage_config": [],
            "dead_letter_policy": [],
            "effective_labels": {
              "goog-terraform-provisioned": "true"
            },
            "enable_exactly_once_delivery": false,
            "enable_message_ordering": false,
            "expiration_policy": [
              {
                "ttl": "2678400s"
              }
            ],
            "filter": "",
            "id": "projects/dataproject2425/subscriptions/battery-events-sub",
            "labels": {},
            "message_retention_duration": "604800s",
            "name": "battery-events-sub",
            "project": "dataproject2425",
            "push_config": [],
            "retain_acked_messages": false,
            "retry_policy": [],
            "terraform_labels": {
              "goog-terraform-provisioned": "true"
            },
            "timeouts": null,
            "topic": "projects/dataproject2425/topics/battery-events"
          },
          "sensitive_attributes": [],
          "private": "eyJlMmJmYjczMC1lY2FhLTExZTYtOGY4OC0zNDM2M2JjN2M0YzAiOnsiY3JlYXRlIjoxMjAwMDAwMDAwMDAwLCJkZWxldGUiOjEyMDAwMDAwMDAwMDAsInVwZGF0ZSI6MTIwMDAwMDAwMDAwMH19",
          "dependencies": [
            "module.pubsub_battery.google_pubsub_topic.prueba"
          ]
        }
      ]
    },
    {
      "module": "module.pubsub_battery",
      "mode": "managed",
      "type": "google_pubsub_topic",
      "name": "prueba",
      "provider": "provider[\"registry.terraform.io/hashicorp/google\"]",
      "instances": [
        {
          "schema_version": 0,
          "attributes": {
            "effective_labels": {
              "goog-terraform-provisioned": "true"
            },
            "id": "projects/dataproject2425/topics/battery-events",
            "ingestion_data_source_settings": [],
            "kms_key_name": "",
            "labels": {},
            "message_retention_duration": "",
            "message_storage_policy": [],
            "name": "battery-events",
            "project": "dataproject2425",
            "schema_settings": [],
            "terraform_labels": {
              "goog-terraform-provisioned": "true"
            },
            "timeouts": null
          },
          "sensitive_attributes": [],
          "private": "eyJlMmJmYjczMC1lY2FhLTExZTYtOGY4OC0zNDM2M2JjN2M0YzAiOnsiY3JlYXRlIjoxMjAwMDAwMDAwMDAwLCJkZWxldGUiOjEyMDAwMDAwMDAwMDAsInVwZGF0ZSI6MTIwMDAwMDAwMDAwMH19"
        }
      ]
    },
    {
      "module": "module.pubsub_critical_battery",
      "mode": "managed",
      "type": "google_pubsub_subscription",
      "name": "prueba",
      "provider": "provider[\"registry.terraform.io/hashicorp/google\"]",
      "instances": [
        {
          "schema_version": 0,
          "attributes": {
            "ack_deadline_seconds": 10,
            "bigquery_config": [],
            "cloud_storage_config": [],
            "dead_letter_policy": [],
            "effective_labels": {
              "goog-terraform-provisioned": "true"
            },
            "enable_exactly_once_delivery": false,
            "enable_message_ordering": false,
            "expiration_policy": [
              {
                "ttl": "2678400s"
              }
            ],
            "filter": "",
            "id": "projects/dataproject2425/subscriptions/critical-battery-sub",
            "labels": {},
            "message_retention_duration": "604800s",
            "name": "critical-battery-sub",
            "project": "dataproject2425",
            "push_config": [],
            "retain_acked_messages": false,
            "retry_policy": [],
            "terraform_labels": {
              "goog-terraform-provisioned": "true"
            },
            "timeouts": null,
            "topic": "projects/dataproject2425/topics/critical-battery-events"
          },
          "sensitive_attributes": [],
          "private": "eyJlMmJmYjczMC1lY2FhLTExZTYtOGY4OC0zNDM2M2JjN2M0YzAiOnsiY3JlYXRlIjoxMjAwMDAwMDAwMDAwLCJkZWxldGUiOjEyMDAwMDAwMDAwMDAsInVwZGF0ZSI6MTIwMDAwMDAwMDAwMH19",
          "dependencies": [
            "module.pubsub_critical_battery.google_pubsub_topic.prueba"
          ]
        }
      ]
    },
    {
      "module": "module.pubsub_critical_battery",
      "mode": "managed",
      "type": "google_pubsub_topic",
      "name": "prueba",
      "provider": "provider[\"registry.terraform.io/hashicorp/google\"]",
      "instances": [
        {
          "schema_version": 0,
          "attributes": {
            "effective_labels": {
              "goog-terraform-provisioned": "true"
            },
            "id": "projects/dataproject2425/topics/critical-battery-events",
            "ingestion_data_source_settings": [],
            "kms_key_name": "",
            "labels": {},
            "message_retention_duration": "",
            "message_storage_policy": [],
            "name": "critical-battery-events",
            "project": "dataproject2425",
            "schema_settings": [],
            "terraform_labels": {
              "goog-terraform-provisioned": "true"
            },
            "timeouts": null
          },
          "sensitive_attributes": [],
          "private": "eyJlMmJmYjczMC1lY2FhLTExZTYtOGY4OC0zNDM2M2JjN2M0YzAiOnsiY3JlYXRlIjoxMjAwMDAwMDAwMDAwLCJkZWxldGUiOjEyMDAwMDAwMDAwMDAsInVwZGF0ZSI6MTIwMDAwMDAwMDAwMH19"
        }
      ]
    },
    {
      "module": "module.pubsub_driving",
      "mode": "managed",
      "type": "google_pubsub_subscription",
      "name": "prueba",
      "provider": "provider[\"registry.terraform.io/hashicorp/google\"]",
      "instances": [
        {
          "schema_version": 0,
          "attributes": {
            "ack_deadline_seconds": 10,
            "bigquery_config": [],
            "cloud_storage_config": [],
            "dead_letter_policy": [],
            "effective_labels": {
              "goog-terraform-provisioned": "true"
            },
            "enable_exactly_once_delivery": false,
            "enable_message_ordering": false,
            "expiration_policy": [
              {
                "ttl": "2678400s"
              }
            ],
            "filter": "",
            "id": "projects/dataproject2425/subscriptions/driving-events-sub",
            "labels": {},
            "message_retention_duration": "604800s",
            "name": "driving-events-sub",
            "project": "dataproject2425",
            "push_config": [],
            "retain_acked_messages": false,
            "retry_policy": [],
            "terraform_labels": {
              "goog-terraform-provisioned": "true"
            },
            "timeouts": null,
            "topic": "projects/dataproject2425/topics/driving-events"
          },
          "sensitive_attributes": [],
          "private": "eyJlMmJmYjczMC1lY2FhLTExZTYtOGY4OC0zNDM2M2JjN2M0YzAiOnsiY3JlYXRlIjoxMjAwMDAwMDAwMDAwLCJkZWxldGUiOjEyMDAwMDAwMDAwMDAsInVwZGF0ZSI6MTIwMDAwMDAwMDAwMH19",
          "dependencies": [
            "module.pubsub_driving.google_pubsub_topic.prueba"
          ]
        }
      ]
    },
    {
      "module": "module.pubsub_driving",
      "mode": "managed",
      "type": "google_pubsub_topic",
      "name": "prueba",
      "provider": "provider[\"registry.terraform.io/hashicorp/google\"]",
      "instances": [
        {
          "schema_version": 0,
          "attributes": {
            "effective_labels": {
              "goog-terraform-provisioned": "true"
            },
            "id": "projects/dataproject2425/topics/driving-events",
            "ingestion_data_source_settings": [],
            "kms_key_name": "",
            "labels": {},
            "message_retention_duration": "",
            "message_storage_policy": [],
            "name": "driving-events",
            "project": "dataproject2425",
            "schema_settings": [],
            "terraform_labels": {
              "goog-terraform-provisioned": "true"
            },
            "timeouts": null
          },
          "sensitive_attributes": [],
          "private": "eyJlMmJmYjczMC1lY2FhLTExZTYtOGY4OC0zNDM2M2JjN2M0YzAiOnsiY3JlYXRlIjoxMjAwMDAwMDAwMDAwLCJkZWxldGUiOjEyMDAwMDAwMDAwMDAsInVwZGF0ZSI6MTIwMDAwMDAwMDAwMH19"
        }
      ]
    },
    {
      "module": "module.pubsub_enviroment",
      "mode": "managed",
      "type": "google_pubsub_subscription",
      "name": "prueba",
      "provider": "provider[\"registry.terraform.io/hashicorp/google\"]",
      "instances": [
        {
          "schema_version": 0,
          "attributes": {
            "ack_deadline_seconds": 10,
            "bigquery_config": [],
            "cloud_storage_config": [],
            "dead_letter_policy": [],
            "effective_labels": {
              "goog-terraform-provisioned": "true"
            },
            "enable_exactly_once_delivery": false,
            "enable_message_ordering": false,
            "expiration_policy": [
              {
                "ttl": "2678400s"
              }
            ],
            "filter": "",
            "id": "projects/dataproject2425/subscriptions/enviroment-events-sub",
            "labels": {},
            "message_retention_duration": "604800s",
            "name": "enviroment-events-sub",
            "project": "dataproject2425",
            "push_config": [],
            "retain_acked_messages": false,
            "retry_policy": [],
            "terraform_labels": {
              "goog-terraform-provisioned": "true"
            },
            "timeouts": null,
            "topic": "projects/dataproject2425/topics/enviroment-events"
          },
          "sensitive_attributes": [],
          "private": "eyJlMmJmYjczMC1lY2FhLTExZTYtOGY4OC0zNDM2M2JjN2M0YzAiOnsiY3JlYXRlIjoxMjAwMDAwMDAwMDAwLCJkZWxldGUiOjEyMDAwMDAwMDAwMDAsInVwZGF0ZSI6MTIwMDAwMDAwMDAwMH19",
          "dependencies": [
            "module.pubsub_enviroment.google_pubsub_topic.prueba"
          ]
        }
      ]
    },
    {
      "module": "module.pubsub_enviroment",
      "mode": "managed",
      "type": "google_pubsub_topic",
      "name": "prueba",
      "provider": "provider[\"registry.terraform.io/hashicorp/google\"]",
      "instances": [
        {
          "schema_version": 0,
          "attributes": {
            "effective_labels": {
              "goog-terraform-provisioned": "true"
            },
            "id": "projects/dataproject2425/topics/enviroment-events",
            "ingestion_data_source_settings": [],
            "kms_key_name": "",
            "labels": {},
            "message_retention_duration": "",
            "message_storage_policy": [],
            "name": "enviroment-events",
            "project": "dataproject2425",
            "schema_settings": [],
            "terraform_labels": {
              "goog-terraform-provisioned": "true"
            },
            "timeouts": null
          },
          "sensitive_attributes": [],
          "private": "eyJlMmJmYjczMC1lY2FhLTExZTYtOGY4OC0zNDM2M2JjN2M0YzAiOnsiY3JlYXRlIjoxMjAwMDAwMDAwMDAwLCJkZWxldGUiOjEyMDAwMDAwMDAwMDAsInVwZGF0ZSI6MTIwMDAwMDAwMDAwMH19"
        }
      ]
    }
  ],
  "check_results": null
}
