{
  "version": 4,
  "terraform_version": "1.5.7",
  "serial": 14,
  "lineage": "9cb7ed1b-5ffd-e9da-38d7-8ff0f8c15803",
  "outputs": {},
  "resources": [
    {
      "mode": "managed",
      "type": "local_file",
      "name": "pet",
      "provider": "provider[\"registry.terraform.io/hashicorp/local\"]",
      "instances": [
        {
          "schema_version": 0,
          "attributes": {
            "content": "My favorite pet is Mrs. Whiskers",
            "content_base64": null,
            "content_base64sha256": "tVSDyo05HmpjGlgclIdswmIZB8VwXTI2y5R9beMEAeI=",
            "content_base64sha512": "J2ccUZDgNhRsjt/WsRqEMelLl6irLppb3zAceoTPhDVrZojs4TW6mUnKe363EKPeWeM3MK124Lh5sEbd+DYWog==",
            "content_md5": "3a55d9765f886a4754ba2184f34a67ad",
            "content_sha1": "6eaa7ba0282778cd3b3f9e246671fe8b317fcfc8",
            "content_sha256": "b55483ca8d391e6a631a581c94876cc2621907c5705d3236cb947d6de30401e2",
            "content_sha512": "27671c5190e036146c8edfd6b11a8431e94b97a8ab2e9a5bdf301c7a84cf84356b6688ece135ba9949ca7b7eb710a3de59e33730ad76e0b879b046ddf83616a2",
            "directory_permission": "0777",
            "file_permission": "0777",
            "filename": "pets.txt",
            "id": "6eaa7ba0282778cd3b3f9e246671fe8b317fcfc8",
            "sensitive_content": null,
            "source": null
          },
          "sensitive_attributes": []
        }
      ]
    },
    {
      "mode": "managed",
      "type": "random_pet",
      "name": "my-pet",
      "provider": "provider[\"registry.terraform.io/hashicorp/random\"]",
      "instances": [
        {
          "schema_version": 0,
          "attributes": {
            "id": "Mrs.cowbird",
            "keepers": null,
            "length": 1,
            "prefix": "Mrs",
            "separator": "."
          },
          "sensitive_attributes": []
        }
      ]
    }
  ],
  "check_results": null
}
