{
  "version": 4,
  "terraform_version": "1.5.7",
  "serial": 42,
  "lineage": "1fc10958-8b85-2942-1556-7cf35028eac1",
  "outputs": {},
  "resources": [
    {
      "mode": "managed",
      "type": "github_repository",
      "name": "mi_repositorio",
      "provider": "provider[\"registry.terraform.io/integrations/github\"]",
      "instances": [
        {
          "schema_version": 1,
          "attributes": {
            "allow_auto_merge": false,
            "allow_merge_commit": true,
            "allow_rebase_merge": true,
            "allow_squash_merge": true,
            "allow_update_branch": false,
            "archive_on_destroy": null,
            "archived": false,
            "auto_init": true,
            "default_branch": "main",
            "delete_branch_on_merge": false,
            "description": "This repository is created with TF",
            "etag": "W/\"a3ebb3b6e9aefb0e6d7b110e1d1b38b26d93e703cd08f25467b090e0ed3bf049\"",
            "full_name": "Marcanta7/my-tf-repo",
            "git_clone_url": "git://github.com/Marcanta7/my-tf-repo.git",
            "gitignore_template": null,
            "has_discussions": false,
            "has_downloads": false,
            "has_issues": true,
            "has_projects": false,
            "has_wiki": false,
            "homepage_url": "",
            "html_url": "https://github.com/Marcanta7/my-tf-repo",
            "http_clone_url": "https://github.com/Marcanta7/my-tf-repo.git",
            "id": "my-tf-repo",
            "ignore_vulnerability_alerts_during_read": null,
            "is_template": false,
            "license_template": null,
            "merge_commit_message": "PR_TITLE",
            "merge_commit_title": "MERGE_MESSAGE",
            "name": "my-tf-repo",
            "node_id": "R_kgDONpxDTA",
            "pages": [],
            "primary_language": "",
            "private": true,
            "repo_id": 916210508,
            "security_and_analysis": [],
            "squash_merge_commit_message": "COMMIT_MESSAGES",
            "squash_merge_commit_title": "COMMIT_OR_PR_TITLE",
            "ssh_clone_url": "git@github.com:Marcanta7/my-tf-repo.git",
            "svn_url": "https://github.com/Marcanta7/my-tf-repo",
            "template": [],
            "topics": [],
            "visibility": "private",
            "vulnerability_alerts": false,
            "web_commit_signoff_required": false
          },
          "sensitive_attributes": [],
          "private": "eyJzY2hlbWFfdmVyc2lvbiI6IjEifQ=="
        }
      ]
    },
    {
      "mode": "managed",
      "type": "local_file",
      "name": "pet",
      "provider": "provider[\"registry.terraform.io/hashicorp/local\"]",
      "instances": [
        {
          "index_key": 0,
          "schema_version": 0,
          "attributes": {
            "content": "My favorite pet is Mrs.swan",
            "content_base64": null,
            "content_base64sha256": "pdvFtMroTSORuslwdmbk9y+XfAi7XcI73gw/aZf5F6k=",
            "content_base64sha512": "Oed4mtWBkVvDi0JSt/Metv33Y/C3JjqubnmakAv+lAf62Hkatb74L4g3Y/8h+yDx1zZHsx1e58hpIRXp8lfCBQ==",
            "content_md5": "a2e4f7775419f2a9764aea8a1302d094",
            "content_sha1": "3a0643d3ad546c2815c5ba6a504071f5065ff555",
            "content_sha256": "a5dbc5b4cae84d2391bac9707666e4f72f977c08bb5dc23bde0c3f6997f917a9",
            "content_sha512": "39e7789ad581915bc38b4252b7f31eb6fdf763f0b7263aae6e799a900bfe9407fad8791ab5bef82f883763ff21fb20f1d73647b31d5ee7c8692115e9f257c205",
            "directory_permission": "0777",
            "file_permission": "0777",
            "filename": "pets.txt",
            "id": "3a0643d3ad546c2815c5ba6a504071f5065ff555",
            "sensitive_content": null,
            "source": null
          },
          "sensitive_attributes": [],
          "dependencies": [
            "random_pet.my-pet"
          ]
        },
        {
          "index_key": 1,
          "schema_version": 0,
          "attributes": {
            "content": "My favorite pet is Mrs.swan",
            "content_base64": null,
            "content_base64sha256": "pdvFtMroTSORuslwdmbk9y+XfAi7XcI73gw/aZf5F6k=",
            "content_base64sha512": "Oed4mtWBkVvDi0JSt/Metv33Y/C3JjqubnmakAv+lAf62Hkatb74L4g3Y/8h+yDx1zZHsx1e58hpIRXp8lfCBQ==",
            "content_md5": "a2e4f7775419f2a9764aea8a1302d094",
            "content_sha1": "3a0643d3ad546c2815c5ba6a504071f5065ff555",
            "content_sha256": "a5dbc5b4cae84d2391bac9707666e4f72f977c08bb5dc23bde0c3f6997f917a9",
            "content_sha512": "39e7789ad581915bc38b4252b7f31eb6fdf763f0b7263aae6e799a900bfe9407fad8791ab5bef82f883763ff21fb20f1d73647b31d5ee7c8692115e9f257c205",
            "directory_permission": "0777",
            "file_permission": "0777",
            "filename": "dogs.txt",
            "id": "3a0643d3ad546c2815c5ba6a504071f5065ff555",
            "sensitive_content": null,
            "source": null
          },
          "sensitive_attributes": [],
          "dependencies": [
            "random_pet.my-pet"
          ]
        },
        {
          "index_key": 2,
          "schema_version": 0,
          "attributes": {
            "content": "My favorite pet is Mrs.swan",
            "content_base64": null,
            "content_base64sha256": "pdvFtMroTSORuslwdmbk9y+XfAi7XcI73gw/aZf5F6k=",
            "content_base64sha512": "Oed4mtWBkVvDi0JSt/Metv33Y/C3JjqubnmakAv+lAf62Hkatb74L4g3Y/8h+yDx1zZHsx1e58hpIRXp8lfCBQ==",
            "content_md5": "a2e4f7775419f2a9764aea8a1302d094",
            "content_sha1": "3a0643d3ad546c2815c5ba6a504071f5065ff555",
            "content_sha256": "a5dbc5b4cae84d2391bac9707666e4f72f977c08bb5dc23bde0c3f6997f917a9",
            "content_sha512": "39e7789ad581915bc38b4252b7f31eb6fdf763f0b7263aae6e799a900bfe9407fad8791ab5bef82f883763ff21fb20f1d73647b31d5ee7c8692115e9f257c205",
            "directory_permission": "0777",
            "file_permission": "0777",
            "filename": "cats.txt",
            "id": "3a0643d3ad546c2815c5ba6a504071f5065ff555",
            "sensitive_content": null,
            "source": null
          },
          "sensitive_attributes": [],
          "dependencies": [
            "random_pet.my-pet"
          ]
        },
        {
          "index_key": 3,
          "schema_version": 0,
          "attributes": {
            "content": "My favorite pet is Mrs.swan",
            "content_base64": null,
            "content_base64sha256": "pdvFtMroTSORuslwdmbk9y+XfAi7XcI73gw/aZf5F6k=",
            "content_base64sha512": "Oed4mtWBkVvDi0JSt/Metv33Y/C3JjqubnmakAv+lAf62Hkatb74L4g3Y/8h+yDx1zZHsx1e58hpIRXp8lfCBQ==",
            "content_md5": "a2e4f7775419f2a9764aea8a1302d094",
            "content_sha1": "3a0643d3ad546c2815c5ba6a504071f5065ff555",
            "content_sha256": "a5dbc5b4cae84d2391bac9707666e4f72f977c08bb5dc23bde0c3f6997f917a9",
            "content_sha512": "39e7789ad581915bc38b4252b7f31eb6fdf763f0b7263aae6e799a900bfe9407fad8791ab5bef82f883763ff21fb20f1d73647b31d5ee7c8692115e9f257c205",
            "directory_permission": "0777",
            "file_permission": "0777",
            "filename": "cows.txt",
            "id": "3a0643d3ad546c2815c5ba6a504071f5065ff555",
            "sensitive_content": null,
            "source": null
          },
          "sensitive_attributes": [],
          "dependencies": [
            "random_pet.my-pet"
          ]
        }
      ]
    },
    {
      "mode": "managed",
      "type": "random_pet",
      "name": "my-pet",
      "provider": "provider[\"registry.terraform.io/hashicorp/random\"]",
      "instances": [
        {
          "schema_version": 0,
          "attributes": {
            "id": "Mrs.swan",
            "keepers": null,
            "length": 1,
            "prefix": "Mrs",
            "separator": "."
          },
          "sensitive_attributes": []
        }
      ]
    }
  ],
  "check_results": null
}
