{
  "version": 4,
  "terraform_version": "1.5.7",
  "serial": 23,
  "lineage": "3b4b9453-4bc7-d9df-2289-953f2ed02c0d",
  "outputs": {
    "pets": {
      "value": {
        "fish.txt": {
          "content": "My favorite pet is Mrs.golden.cardinal",
          "content_base64": null,
          "content_base64sha256": "CQxIq1vDWlz/bbgeDTcE+Uw8N2F1HfhpsQ6wfexp27Y=",
          "content_base64sha512": "fJG4ixceCQesBsehF1EgzNjj98QyZcaZMrO8Wctb9PU4dCDm7fhAJRZqpSqgePE7zkA4+6tWwsczbD+Hq2w/Tg==",
          "content_md5": "0c48b5ca10b53236e0c5fc495da68ef8",
          "content_sha1": "0b71f7481904db2b532f1fce335d7919f4c286af",
          "content_sha256": "090c48ab5bc35a5cff6db81e0d3704f94c3c3761751df869b10eb07dec69dbb6",
          "content_sha512": "7c91b88b171e0907ac06c7a1175120ccd8e3f7c43265c69932b3bc59cb5bf4f5387420e6edf84025166aa52aa078f13bce4038fbab56c2c7336c3f87ab6c3f4e",
          "directory_permission": "0777",
          "file_permission": "0777",
          "filename": "fish.txt",
          "id": "0b71f7481904db2b532f1fce335d7919f4c286af",
          "sensitive_content": null,
          "source": null
        }
      },
      "type": [
        "object",
        {
          "fish.txt": [
            "object",
            {
              "content": "string",
              "content_base64": "string",
              "content_base64sha256": "string",
              "content_base64sha512": "string",
              "content_md5": "string",
              "content_sha1": "string",
              "content_sha256": "string",
              "content_sha512": "string",
              "directory_permission": "string",
              "file_permission": "string",
              "filename": "string",
              "id": "string",
              "sensitive_content": "string",
              "source": "string"
            }
          ]
        }
      ],
      "sensitive": true
    }
  },
  "resources": [
    {
      "mode": "managed",
      "type": "local_file",
      "name": "pet",
      "provider": "provider[\"registry.terraform.io/hashicorp/local\"]",
      "instances": [
        {
          "index_key": "fish.txt",
          "schema_version": 0,
          "attributes": {
            "content": "My favorite pet is Mrs.golden.cardinal",
            "content_base64": null,
            "content_base64sha256": "CQxIq1vDWlz/bbgeDTcE+Uw8N2F1HfhpsQ6wfexp27Y=",
            "content_base64sha512": "fJG4ixceCQesBsehF1EgzNjj98QyZcaZMrO8Wctb9PU4dCDm7fhAJRZqpSqgePE7zkA4+6tWwsczbD+Hq2w/Tg==",
            "content_md5": "0c48b5ca10b53236e0c5fc495da68ef8",
            "content_sha1": "0b71f7481904db2b532f1fce335d7919f4c286af",
            "content_sha256": "090c48ab5bc35a5cff6db81e0d3704f94c3c3761751df869b10eb07dec69dbb6",
            "content_sha512": "7c91b88b171e0907ac06c7a1175120ccd8e3f7c43265c69932b3bc59cb5bf4f5387420e6edf84025166aa52aa078f13bce4038fbab56c2c7336c3f87ab6c3f4e",
            "directory_permission": "0777",
            "file_permission": "0777",
            "filename": "fish.txt",
            "id": "0b71f7481904db2b532f1fce335d7919f4c286af",
            "sensitive_content": null,
            "source": null
          },
          "sensitive_attributes": [],
          "dependencies": [
            "random_pet.my-pet"
          ]
        }
      ]
    },
    {
      "mode": "managed",
      "type": "random_pet",
      "name": "my-pet",
      "provider": "provider[\"registry.terraform.io/hashicorp/random\"]",
      "instances": [
        {
          "schema_version": 0,
          "attributes": {
            "id": "Mrs.golden.cardinal",
            "keepers": null,
            "length": 2,
            "prefix": "Mrs",
            "separator": "."
          },
          "sensitive_attributes": []
        }
      ]
    }
  ],
  "check_results": null
}
