{
  "version": 4,
  "terraform_version": "1.5.7",
  "serial": 70,
  "lineage": "1fc10958-8b85-2942-1556-7cf35028eac1",
  "outputs": {},
  "resources": [
    {
      "mode": "managed",
      "type": "github_branch",
      "name": "develop",
      "provider": "provider[\"registry.terraform.io/integrations/github\"]",
      "instances": [
        {
          "schema_version": 0,
          "attributes": {
            "branch": "develop",
            "etag": "W/\"e84b50d8377bd5ea0ea1ca8c79279e8033b43bfe9dff4542011e9faf56c4b3f2\"",
            "id": "my-tf-repo:develop",
            "ref": "refs/heads/develop",
            "repository": "my-tf-repo",
            "sha": "f0c92a9fe03dbccbf7628ac1b6a0e544e7369e8e",
            "source_branch": "main",
            "source_sha": "f0c92a9fe03dbccbf7628ac1b6a0e544e7369e8e"
          },
          "sensitive_attributes": [],
          "private": "bnVsbA==",
          "dependencies": [
            "github_repository.mi_repositorio"
          ]
        }
      ]
    },
    {
      "mode": "managed",
      "type": "github_branch_default",
      "name": "default",
      "provider": "provider[\"registry.terraform.io/integrations/github\"]",
      "instances": [
        {
          "schema_version": 0,
          "attributes": {
            "branch": "main",
            "etag": "W/\"b0c6583a4176ddf6e1e8a976dbdf38f8a0ee9e04b43b7eaaca7710d373e3832c\"",
            "id": "my-tf-repo",
            "rename": false,
            "repository": "my-tf-repo"
          },
          "sensitive_attributes": [],
          "private": "bnVsbA==",
          "dependencies": [
            "github_repository.mi_repositorio"
          ]
        }
      ]
    },
    {
      "mode": "managed",
      "type": "github_repository",
      "name": "mi_repositorio",
      "provider": "provider[\"registry.terraform.io/integrations/github\"]",
      "instances": [
        {
          "schema_version": 1,
          "attributes": {
            "allow_auto_merge": false,
            "allow_merge_commit": true,
            "allow_rebase_merge": true,
            "allow_squash_merge": true,
            "allow_update_branch": false,
            "archive_on_destroy": null,
            "archived": false,
            "auto_init": true,
            "default_branch": "main",
            "delete_branch_on_merge": false,
            "description": "This repository is created with TF",
            "etag": "W/\"9a0ada7f9a2ea8f83a33cd851d2f456f7d9ceb7107a8cab949fae366bcdfe9cf\"",
            "full_name": "Marcanta7/my-tf-repo",
            "git_clone_url": "git://github.com/Marcanta7/my-tf-repo.git",
            "gitignore_template": null,
            "has_discussions": false,
            "has_downloads": false,
            "has_issues": true,
            "has_projects": false,
            "has_wiki": true,
            "homepage_url": "",
            "html_url": "https://github.com/Marcanta7/my-tf-repo",
            "http_clone_url": "https://github.com/Marcanta7/my-tf-repo.git",
            "id": "my-tf-repo",
            "ignore_vulnerability_alerts_during_read": null,
            "is_template": false,
            "license_template": null,
            "merge_commit_message": "PR_TITLE",
            "merge_commit_title": "MERGE_MESSAGE",
            "name": "my-tf-repo",
            "node_id": "R_kgDONqNfXQ",
            "pages": [],
            "primary_language": "",
            "private": false,
            "repo_id": 916676445,
            "security_and_analysis": [
              {
                "advanced_security": [],
                "secret_scanning": [
                  {
                    "status": "enabled"
                  }
                ],
                "secret_scanning_push_protection": [
                  {
                    "status": "enabled"
                  }
                ]
              }
            ],
            "squash_merge_commit_message": "COMMIT_MESSAGES",
            "squash_merge_commit_title": "COMMIT_OR_PR_TITLE",
            "ssh_clone_url": "git@github.com:Marcanta7/my-tf-repo.git",
            "svn_url": "https://github.com/Marcanta7/my-tf-repo",
            "template": [],
            "topics": [],
            "visibility": "public",
            "vulnerability_alerts": false,
            "web_commit_signoff_required": false
          },
          "sensitive_attributes": [],
          "private": "eyJzY2hlbWFfdmVyc2lvbiI6IjEifQ=="
        }
      ]
    },
    {
      "mode": "managed",
      "type": "github_repository_collaborator",
      "name": "example",
      "provider": "provider[\"registry.terraform.io/integrations/github\"]",
      "instances": [
        {
          "schema_version": 0,
          "attributes": {
            "id": "my-tf-repo:a10pepo",
            "invitation_id": "270746425",
            "permission": "push",
            "permission_diff_suppression": false,
            "repository": "my-tf-repo",
            "username": "a10pepo"
          },
          "sensitive_attributes": [],
          "private": "bnVsbA==",
          "dependencies": [
            "github_repository.mi_repositorio"
          ]
        }
      ]
    }
  ],
  "check_results": null
}
