{
  "version": 4,
  "terraform_version": "1.10.4",
  "serial": 6,
  "lineage": "40aa0429-6d1f-cf83-e4a3-2abcc2f19bde",
  "outputs": {
    "pet-name": {
      "value": "pet-credible-javelin",
      "type": "string"
    }
  },
  "resources": [
    {
      "mode": "managed",
      "type": "local_file",
      "name": "pet",
      "provider": "provider[\"registry.terraform.io/hashicorp/local\"]",
      "instances": [
        {
          "index_key": 0,
          "schema_version": 0,
          "attributes": {
            "content": "ESTA ES UNA NUEVA MASCOTA",
            "content_base64": null,
            "content_base64sha256": "NIINqo2VzyLEZG4uJ4x95UmoOM7qnYxI9AKG02jlKts=",
            "content_base64sha512": "8jr2K/S9XGZHSbvRs+ZU6sQ/849USOLZkMCsGwrK3uP1f2EdRrftLzZMDSuxmuHzX3oTr7Q9bBE2vkptVJ9y6Q==",
            "content_md5": "f09f1718ab013ed6ba896c60630d0967",
            "content_sha1": "22cfc58b958ba2b70a064f3227e06ec1ed88c85b",
            "content_sha256": "34820daa8d95cf22c4646e2e278c7de549a838ceea9d8c48f40286d368e52adb",
            "content_sha512": "f23af62bf4bd5c664749bbd1b3e654eac43ff38f5448e2d990c0ac1b0acadee3f57f611d46b7ed2f364c0d2bb19ae1f35f7a13afb43d6c1136be4a6d549f72e9",
            "directory_permission": "0777",
            "file_permission": "0777",
            "filename": "pets.txt",
            "id": "22cfc58b958ba2b70a064f3227e06ec1ed88c85b",
            "sensitive_content": null,
            "source": null
          },
          "sensitive_attributes": [
            [
              {
                "type": "get_attr",
                "value": "sensitive_content"
              }
            ]
          ]
        },
        {
          "index_key": 1,
          "schema_version": 0,
          "attributes": {
            "content": "ESTA ES UNA NUEVA MASCOTA",
            "content_base64": null,
            "content_base64sha256": "NIINqo2VzyLEZG4uJ4x95UmoOM7qnYxI9AKG02jlKts=",
            "content_base64sha512": "8jr2K/S9XGZHSbvRs+ZU6sQ/849USOLZkMCsGwrK3uP1f2EdRrftLzZMDSuxmuHzX3oTr7Q9bBE2vkptVJ9y6Q==",
            "content_md5": "f09f1718ab013ed6ba896c60630d0967",
            "content_sha1": "22cfc58b958ba2b70a064f3227e06ec1ed88c85b",
            "content_sha256": "34820daa8d95cf22c4646e2e278c7de549a838ceea9d8c48f40286d368e52adb",
            "content_sha512": "f23af62bf4bd5c664749bbd1b3e654eac43ff38f5448e2d990c0ac1b0acadee3f57f611d46b7ed2f364c0d2bb19ae1f35f7a13afb43d6c1136be4a6d549f72e9",
            "directory_permission": "0777",
            "file_permission": "0777",
            "filename": "dogs.txt",
            "id": "22cfc58b958ba2b70a064f3227e06ec1ed88c85b",
            "sensitive_content": null,
            "source": null
          },
          "sensitive_attributes": [
            [
              {
                "type": "get_attr",
                "value": "sensitive_content"
              }
            ]
          ]
        },
        {
          "index_key": 2,
          "schema_version": 0,
          "attributes": {
            "content": "ESTA ES UNA NUEVA MASCOTA",
            "content_base64": null,
            "content_base64sha256": "NIINqo2VzyLEZG4uJ4x95UmoOM7qnYxI9AKG02jlKts=",
            "content_base64sha512": "8jr2K/S9XGZHSbvRs+ZU6sQ/849USOLZkMCsGwrK3uP1f2EdRrftLzZMDSuxmuHzX3oTr7Q9bBE2vkptVJ9y6Q==",
            "content_md5": "f09f1718ab013ed6ba896c60630d0967",
            "content_sha1": "22cfc58b958ba2b70a064f3227e06ec1ed88c85b",
            "content_sha256": "34820daa8d95cf22c4646e2e278c7de549a838ceea9d8c48f40286d368e52adb",
            "content_sha512": "f23af62bf4bd5c664749bbd1b3e654eac43ff38f5448e2d990c0ac1b0acadee3f57f611d46b7ed2f364c0d2bb19ae1f35f7a13afb43d6c1136be4a6d549f72e9",
            "directory_permission": "0777",
            "file_permission": "0777",
            "filename": "cats.txt",
            "id": "22cfc58b958ba2b70a064f3227e06ec1ed88c85b",
            "sensitive_content": null,
            "source": null
          },
          "sensitive_attributes": [
            [
              {
                "type": "get_attr",
                "value": "sensitive_content"
              }
            ]
          ]
        }
      ]
    },
    {
      "mode": "managed",
      "type": "local_file",
      "name": "pet_2",
      "provider": "provider[\"registry.terraform.io/hashicorp/local\"]",
      "instances": [
        {
          "schema_version": 0,
          "attributes": {
            "content": "Soy un pro pet-credible-javelin",
            "content_base64": null,
            "content_base64sha256": "JGYqcptOaT1UdvmLsl4w4AShVFI0IuCJMS7GibyrNzU=",
            "content_base64sha512": "/KKzZpkL7kUpAi9eebo/dYrl85ypV4E2x7UKOn2gFp24kCgO/hGPUUcgZCoM6p03qjzmqhu9XWD1F8waWD9zSw==",
            "content_md5": "fe143380f6099c2450ec6904e9c861ae",
            "content_sha1": "fac6643f7cda3efc8a52bd761b978b8a358d615c",
            "content_sha256": "24662a729b4e693d5476f98bb25e30e004a154523422e089312ec689bcab3735",
            "content_sha512": "fca2b366990bee4529022f5e79ba3f758ae5f39ca9578136c7b50a3a7da0169db890280efe118f514720642a0cea9d37aa3ce6aa1bbd5d60f517cc1a583f734b",
            "directory_permission": "0777",
            "file_permission": "0777",
            "filename": "pet-credible-javelin.txt",
            "id": "fac6643f7cda3efc8a52bd761b978b8a358d615c",
            "sensitive_content": null,
            "source": null
          },
          "sensitive_attributes": [
            [
              {
                "type": "get_attr",
                "value": "sensitive_content"
              }
            ]
          ],
          "dependencies": [
            "random_pet.my-pet"
          ]
        }
      ]
    },
    {
      "mode": "managed",
      "type": "random_pet",
      "name": "my-pet",
      "provider": "provider[\"registry.terraform.io/hashicorp/random\"]",
      "instances": [
        {
          "schema_version": 0,
          "attributes": {
            "id": "pet-credible-javelin",
            "keepers": null,
            "length": 2,
            "prefix": "pet",
            "separator": "-"
          },
          "sensitive_attributes": []
        }
      ]
    }
  ],
  "check_results": null
}
