{
  "version": 4,
  "terraform_version": "1.10.4",
  "serial": 3,
  "lineage": "e6ab409d-5ff0-895e-fdcd-3a403aa6055d",
  "outputs": {},
  "resources": [
    {
      "mode": "managed",
      "type": "local_file",
      "name": "animals",
      "provider": "provider[\"registry.terraform.io/hashicorp/local\"]",
      "instances": [
        {
          "schema_version": 0,
          "attributes": {
            "content": "I love pets",
            "content_base64": null,
            "content_base64sha256": "WV4wdQrbQkTPz8Md6bN9GAfCDnrCrvBJdVtsDl9YAXA=",
            "content_base64sha512": "2w2ZWJxSvfX3Pcmm0zEEnBZPp4uLNhVRAEYBgcdHCF2yb84PvhPknNxCC7ROOeqnzQR4lHOE4E6GQwMuWXGSqA==",
            "content_md5": "7bf74e12516f722308a9e6d4bb2f3b70",
            "content_sha1": "4246687863ee17bf4daf5fc376ab01222e989aca",
            "content_sha256": "595e30750adb4244cfcfc31de9b37d1807c20e7ac2aef049755b6c0e5f580170",
            "content_sha512": "db0d99589c52bdf5f73dc9a6d331049c164fa78b8b36155100460181c747085db26fce0fbe13e49cdc420bb44e39eaa7cd0478947384e04e8643032e597192a8",
            "directory_permission": "0777",
            "file_permission": "0777",
            "filename": "pets.txt",
            "id": "4246687863ee17bf4daf5fc376ab01222e989aca",
            "sensitive_content": null,
            "source": null
          },
          "sensitive_attributes": [
            [
              {
                "type": "get_attr",
                "value": "sensitive_content"
              }
            ]
          ]
        }
      ]
    },
    {
      "mode": "managed",
      "type": "local_file",
      "name": "cats",
      "provider": "provider[\"registry.terraform.io/hashicorp/local\"]",
      "instances": [
        {
          "schema_version": 0,
          "attributes": {
            "content": "I love cats",
            "content_base64": null,
            "content_base64sha256": "YosKaqsS/OpsFaZsW9kgK5Ju9LcXsRilkaN/kPr2tFM=",
            "content_base64sha512": "tqXxu+2/fZOwDFvwEzHxS2BwxoEKc1WQ8HdfTPBYqqrmK4hX5eQHMJ6mvj2C8AsSnABgmvrxX3i9x21lhqUxZg==",
            "content_md5": "584e4d59c580ca10f301d53814b700da",
            "content_sha1": "aa9f05f39211ea80c845af77b88de873f63b14af",
            "content_sha256": "628b0a6aab12fcea6c15a66c5bd9202b926ef4b717b118a591a37f90faf6b453",
            "content_sha512": "b6a5f1bbedbf7d93b00c5bf01331f14b6070c6810a735590f0775f4cf058aaaae62b8857e5e407309ea6be3d82f00b129c00609afaf15f78bdc76d6586a53166",
            "directory_permission": "0777",
            "file_permission": "0777",
            "filename": "cats.txt",
            "id": "aa9f05f39211ea80c845af77b88de873f63b14af",
            "sensitive_content": null,
            "source": null
          },
          "sensitive_attributes": [
            [
              {
                "type": "get_attr",
                "value": "sensitive_content"
              }
            ]
          ]
        }
      ]
    },
    {
      "mode": "managed",
      "type": "local_file",
      "name": "pets",
      "provider": "provider[\"registry.terraform.io/hashicorp/local\"]",
      "instances": [
        {
          "schema_version": 0,
          "attributes": {
            "content": "I love dogs",
            "content_base64": null,
            "content_base64sha256": "0ivGRsKUXJs//4vjDlYEGHGvXguijA5uzy6CqSdxqqs=",
            "content_base64sha512": "ol760sKcMl+x40Zz499onj3Xe05O1u/lTQBYtwpBDPmWjDmhqP7IpWYN0NFjC/7v+aeAQ5LHq9PpaiQhD7+Yaw==",
            "content_md5": "a7f6bde30206ba75668000f56f0fea9a",
            "content_sha1": "3f3ded393feee092402b829715083249ae6cfb69",
            "content_sha256": "d22bc646c2945c9b3fff8be30e56041871af5e0ba28c0e6ecf2e82a92771aaab",
            "content_sha512": "a25efad2c29c325fb1e34673e3df689e3dd77b4e4ed6efe54d0058b70a410cf9968c39a1a8fec8a5660dd0d1630bfeeff9a7804392c7abd3e96a24210fbf986b",
            "directory_permission": "0777",
            "file_permission": "0777",
            "filename": "dogs.txt",
            "id": "3f3ded393feee092402b829715083249ae6cfb69",
            "sensitive_content": null,
            "source": null
          },
          "sensitive_attributes": [
            [
              {
                "type": "get_attr",
                "value": "sensitive_content"
              }
            ]
          ]
        }
      ]
    }
  ],
  "check_results": null
}
