{
  "version": 4,
  "terraform_version": "1.10.4",
  "serial": 35,
  "lineage": "6a79609b-b6dc-2634-245b-cfd078782626",
  "outputs": {},
  "resources": [
    {
      "mode": "managed",
      "type": "local_file",
      "name": "cat",
      "provider": "provider[\"registry.terraform.io/hashicorp/local\"]",
      "instances": [
        {
          "schema_version": 0,
          "attributes": {
            "content": "We love cats!",
            "content_base64": null,
            "content_base64sha256": "gV39KrkRCaqhE1/df+6TWmGCHkYf9p4sfxPEWmn6KWk=",
            "content_base64sha512": "EwdqERO1Agdyd7YfjwwL4QhtbF9+wag8HPZYsIgdC5c84IRaWvK1v9GqosdIMjJiA2ahnvWZvtmOAZuquJMbyw==",
            "content_md5": "044a9dd3e27c7b5d7112da9438637450",
            "content_sha1": "ce83bc86465a902ebc17e921ba73ab5cbbe72bef",
            "content_sha256": "815dfd2ab91109aaa1135fdd7fee935a61821e461ff69e2c7f13c45a69fa2969",
            "content_sha512": "13076a1113b502077277b61f8f0c0be1086d6c5f7ec1a83c1cf658b0881d0b973ce0845a5af2b5bfd1aaa2c7483232620366a19ef599bed98e019baab8931bcb",
            "directory_permission": "0777",
            "file_permission": "0777",
            "filename": "cat.txt",
            "id": "ce83bc86465a902ebc17e921ba73ab5cbbe72bef",
            "sensitive_content": null,
            "source": null
          },
          "sensitive_attributes": [
            [
              {
                "type": "get_attr",
                "value": "sensitive_content"
              }
            ]
          ]
        }
      ]
    },
    {
      "mode": "managed",
      "type": "local_file",
      "name": "dog",
      "provider": "provider[\"registry.terraform.io/hashicorp/local\"]",
      "instances": [
        {
          "schema_version": 0,
          "attributes": {
            "content": "We love dogs!",
            "content_base64": null,
            "content_base64sha256": "gmMOSwrASGKSNprRplv1xMace9vUF6pBbx3KR1fHf4c=",
            "content_base64sha512": "CRh5s+ktTy5y/2RxGr0w+Lth593mkxa0M/MWmgya97pO/0D1vZDEKs6rc3J5f2KHciMnB6KIcoSZ3x32lF9RQQ==",
            "content_md5": "c4b44ea5a6efd8a2d16df2b97dcce50e",
            "content_sha1": "9b0a54a41c74ce54e1b5ac42e2bbeb5b00959fdc",
            "content_sha256": "82630e4b0ac0486292369ad1a65bf5c4c69c7bdbd417aa416f1dca4757c77f87",
            "content_sha512": "091879b3e92d4f2e72ff64711abd30f8bb61e7dde69316b433f3169a0c9af7ba4eff40f5bd90c42aceab7372797f628772232707a288728499df1df6945f5141",
            "directory_permission": "0777",
            "file_permission": "0777",
            "filename": "dogs.txt",
            "id": "9b0a54a41c74ce54e1b5ac42e2bbeb5b00959fdc",
            "sensitive_content": null,
            "source": null
          },
          "sensitive_attributes": [
            [
              {
                "type": "get_attr",
                "value": "sensitive_content"
              }
            ]
          ]
        }
      ]
    },
    {
      "mode": "managed",
      "type": "local_file",
      "name": "pet",
      "provider": "provider[\"registry.terraform.io/hashicorp/local\"]",
      "instances": [
        {
          "schema_version": 0,
          "attributes": {
            "content": "We love pets!",
            "content_base64": null,
            "content_base64sha256": "zUA5Ip/IeKlmTQIptlp90JdMGAd8YLStDXhpGq0Bp0c=",
            "content_base64sha512": "tduqTz5S8Wa3O9Ab5+g0GcGL6kMjMh61vjFcMm5KkOO5TgViAC/kBOdvYHl9qky2K99+u80z0CfCs2ExsHbjGg==",
            "content_md5": "f510a471c5dc0bcd4759ad9dc81a516f",
            "content_sha1": "cba595b7d9f94ba1107a46f3f731912d95fb3d2c",
            "content_sha256": "cd4039229fc878a9664d0229b65a7dd0974c18077c60b4ad0d78691aad01a747",
            "content_sha512": "b5dbaa4f3e52f166b73bd01be7e83419c18bea4323321eb5be315c326e4a90e3b94e0562002fe404e76f60797daa4cb62bdf7ebbcd33d027c2b36131b076e31a",
            "directory_permission": "0777",
            "file_permission": "0777",
            "filename": "pets.txt",
            "id": "cba595b7d9f94ba1107a46f3f731912d95fb3d2c",
            "sensitive_content": null,
            "source": null
          },
          "sensitive_attributes": [
            [
              {
                "type": "get_attr",
                "value": "sensitive_content"
              }
            ]
          ]
        }
      ]
    },
    {
      "mode": "managed",
      "type": "random_pet",
      "name": "my-dog",
      "provider": "provider[\"registry.terraform.io/hashicorp/random\"]",
      "instances": [
        {
          "schema_version": 0,
          "attributes": {
            "id": "Sir.externally.blindly.normal.hound",
            "keepers": null,
            "length": 4,
            "prefix": "Sir",
            "separator": "."
          },
          "sensitive_attributes": []
        }
      ]
    },
    {
      "mode": "managed",
      "type": "random_pet",
      "name": "my-pet",
      "provider": "provider[\"registry.terraform.io/hashicorp/random\"]",
      "instances": [
        {
          "schema_version": 0,
          "attributes": {
            "id": "Sir.badly.strictly.sweet.ox",
            "keepers": null,
            "length": 4,
            "prefix": "Sir",
            "separator": "."
          },
          "sensitive_attributes": []
        }
      ]
    }
  ],
  "check_results": null
}
